// !$*UTF8*$!
{
	archiveVersion = 1;
	classes = {
	};
	objectVersion = 77;
	objects = {

/* Begin PBXBuildFile section */
		3EA0122D2E0A585C00EF978E /* TabBarButton.swift in Sources */ = {isa = PBXBuildFile; fileRef = 3EA012182E0A585C00EF978E /* TabBarButton.swift */; };
		3EA0122E2E0A585C00EF978E /* StatisticsManager.swift in Sources */ = {isa = PBXBuildFile; fileRef = 3EA012072E0A585C00EF978E /* StatisticsManager.swift */; };
		3EA0122F2E0A585C00EF978E /* HomeView.swift in Sources */ = {isa = PBXBuildFile; fileRef = 3EA0121F2E0A585C00EF978E /* HomeView.swift */; };
		3EA012302E0A585C00EF978E /* AISessionRecommender.swift in Sources */ = {isa = PBXBuildFile; fileRef = 3EA012112E0A585C00EF978E /* AISessionRecommender.swift */; };
		3EA012312E0A585C00EF978E /* ContentView.swift in Sources */ = {isa = PBXBuildFile; fileRef = 3EA0121D2E0A585C00EF978E /* ContentView.swift */; };
		3EA012322E0A585C00EF978E /* Persistence.swift in Sources */ = {isa = PBXBuildFile; fileRef = 3EA012032E0A585C00EF978E /* Persistence.swift */; };
		3EA012332E0A585C00EF978E /* ProductivityGarden.swift in Sources */ = {isa = PBXBuildFile; fileRef = 3EA0120C2E0A585C00EF978E /* ProductivityGarden.swift */; };
		3EA012342E0A585C00EF978E /* FocusWidget.swift in Sources */ = {isa = PBXBuildFile; fileRef = 3EA012262E0A585C00EF978E /* FocusWidget.swift */; };
		3EA012352E0A585C00EF978E /* AdvancedAppBlockingManager.swift in Sources */ = {isa = PBXBuildFile; fileRef = 3EA011FB2E0A585C00EF978E /* AdvancedAppBlockingManager.swift */; };
		3EA012362E0A585C00EF978E /* AISessionRecommender.swift in Sources */ = {isa = PBXBuildFile; fileRef = 3EA011FD2E0A585C00EF978E /* AISessionRecommender.swift */; };
		3EA012372E0A585C00EF978E /* FocusEntity.swift in Sources */ = {isa = PBXBuildFile; fileRef = 3EA0120A2E0A585C00EF978E /* FocusEntity.swift */; };
		3EA012382E0A585C00EF978E /* TaskViewModel.swift in Sources */ = {isa = PBXBuildFile; fileRef = 3EA012152E0A585C00EF978E /* TaskViewModel.swift */; };
		3EA012392E0A585C00EF978E /* AdvancedBlockingManager.swift in Sources */ = {isa = PBXBuildFile; fileRef = 3EA011FC2E0A585C00EF978E /* AdvancedBlockingManager.swift */; };
		3EA0123A2E0A585C00EF978E /* AppTheme.swift in Sources */ = {isa = PBXBuildFile; fileRef = 3EA0120E2E0A585C00EF978E /* AppTheme.swift */; };
		3EA0123B2E0A585C00EF978E /* EnvironmentalTheme.swift in Sources */ = {isa = PBXBuildFile; fileRef = 3EA0120F2E0A585C00EF978E /* EnvironmentalTheme.swift */; };
		3EA0123C2E0A585C00EF978E /* TimerView.swift in Sources */ = {isa = PBXBuildFile; fileRef = 3EA012232E0A585C00EF978E /* TimerView.swift */; };
		3EA0123D2E0A585C00EF978E /* AmbientSoundManager.swift in Sources */ = {isa = PBXBuildFile; fileRef = 3EA011FE2E0A585C00EF978E /* AmbientSoundManager.swift */; };
		3EA0123E2E0A585C00EF978E /* BlockCompletionSheet.swift in Sources */ = {isa = PBXBuildFile; fileRef = 3EA012122E0A585C00EF978E /* BlockCompletionSheet.swift */; };
		3EA0123F2E0A585C00EF978E /* Focus_Flow.xcdatamodeld in Sources */ = {isa = PBXBuildFile; fileRef = 3EA0122A2E0A585C00EF978E /* Focus_Flow.xcdatamodeld */; };
		3EA012402E0A585C00EF978E /* Focus_FlowApp.swift in Sources */ = {isa = PBXBuildFile; fileRef = 3EA012012E0A585C00EF978E /* Focus_FlowApp.swift */; };
		3EA012412E0A585C00EF978E /* WeeklyProgressChart.swift in Sources */ = {isa = PBXBuildFile; fileRef = 3EA012192E0A585C00EF978E /* WeeklyProgressChart.swift */; };
		3EA012422E0A585C00EF978E /* AppBlockingManager.swift in Sources */ = {isa = PBXBuildFile; fileRef = 3EA011FF2E0A585C00EF978E /* AppBlockingManager.swift */; };
		3EA012432E0A585C00EF978E /* FocusFlowWidget.swift in Sources */ = {isa = PBXBuildFile; fileRef = 3EA012252E0A585C00EF978E /* FocusFlowWidget.swift */; };
		3EA012442E0A585C00EF978E /* AddTaskView.swift in Sources */ = {isa = PBXBuildFile; fileRef = 3EA0121B2E0A585C00EF978E /* AddTaskView.swift */; };
		3EA012452E0A585C00EF978E /* ProductivityGardenManager.swift in Sources */ = {isa = PBXBuildFile; fileRef = 3EA012052E0A585C00EF978E /* ProductivityGardenManager.swift */; };
		3EA012462E0A585C00EF978E /* PremiumStore.swift in Sources */ = {isa = PBXBuildFile; fileRef = 3EA012042E0A585C00EF978E /* PremiumStore.swift */; };
		3EA012472E0A585C00EF978E /* MenuBarManager.swift in Sources */ = {isa = PBXBuildFile; fileRef = 3EA012132E0A585C00EF978E /* MenuBarManager.swift */; };
		3EA012482E0A585C00EF978E /* EnvironmentalThemeManager.swift in Sources */ = {isa = PBXBuildFile; fileRef = 3EA012002E0A585C00EF978E /* EnvironmentalThemeManager.swift */; };
		3EA012492E0A585C00EF978E /* ParticleEffectView.swift in Sources */ = {isa = PBXBuildFile; fileRef = 3EA012212E0A585C00EF978E /* ParticleEffectView.swift */; };
		3EA0124A2E0A585C00EF978E /* Onboarding.swift in Sources */ = {isa = PBXBuildFile; fileRef = 3EA012202E0A585C00EF978E /* Onboarding.swift */; };
		3EA0124B2E0A585C00EF978E /* FocusEntityManager.swift in Sources */ = {isa = PBXBuildFile; fileRef = 3EA0120B2E0A585C00EF978E /* FocusEntityManager.swift */; };
		3EA0124C2E0A585C00EF978E /* EnvironmentalBackground.swift in Sources */ = {isa = PBXBuildFile; fileRef = 3EA0121E2E0A585C00EF978E /* EnvironmentalBackground.swift */; };
		3EA0124D2E0A585C00EF978E /* ScreenTimeManager.swift in Sources */ = {isa = PBXBuildFile; fileRef = 3EA012062E0A585C00EF978E /* ScreenTimeManager.swift */; };
		3EA0124E2E0A585C00EF978E /* ConfigureFocusModeIntent.swift in Sources */ = {isa = PBXBuildFile; fileRef = 3EA012092E0A585C00EF978E /* ConfigureFocusModeIntent.swift */; };
		3EA0124F2E0A585C00EF978E /* AppBlockingSettingsView.swift in Sources */ = {isa = PBXBuildFile; fileRef = 3EA0121C2E0A585C00EF978E /* AppBlockingSettingsView.swift */; };
		3EA012502E0A585C00EF978E /* SettingsView.swift in Sources */ = {isa = PBXBuildFile; fileRef = 3EA012222E0A585C00EF978E /* SettingsView.swift */; };
		3EA012512E0A585C00EF978E /* StatisticCard.swift in Sources */ = {isa = PBXBuildFile; fileRef = 3EA012172E0A585C00EF978E /* StatisticCard.swift */; };
		3EA012522E0A585C00EF978E /* NetworkBlockingService.swift in Sources */ = {isa = PBXBuildFile; fileRef = 3EA012022E0A585C00EF978E /* NetworkBlockingService.swift */; };
		3EA012532E0A585C00EF978E /* Assets.xcassets in Resources */ = {isa = PBXBuildFile; fileRef = 3EA012282E0A585C00EF978E /* Assets.xcassets */; };
		3EA012862E0A586600EF978E /* EnvironmentalBackground.swift in Sources */ = {isa = PBXBuildFile; fileRef = 3EA012772E0A586600EF978E /* EnvironmentalBackground.swift */; };
		3EA012872E0A586600EF978E /* AppTheme.swift in Sources */ = {isa = PBXBuildFile; fileRef = 3EA012672E0A586600EF978E /* AppTheme.swift */; };
		3EA012882E0A586600EF978E /* WeeklyProgressChart.swift in Sources */ = {isa = PBXBuildFile; fileRef = 3EA012722E0A586600EF978E /* WeeklyProgressChart.swift */; };
		3EA012892E0A586600EF978E /* FocusWidget.swift in Sources */ = {isa = PBXBuildFile; fileRef = 3EA0127F2E0A586600EF978E /* FocusWidget.swift */; };
		3EA0128A2E0A586600EF978E /* EnvironmentalThemeManager.swift in Sources */ = {isa = PBXBuildFile; fileRef = 3EA012592E0A586600EF978E /* EnvironmentalThemeManager.swift */; };
		3EA0128B2E0A586600EF978E /* FocusEntityManager.swift in Sources */ = {isa = PBXBuildFile; fileRef = 3EA012642E0A586600EF978E /* FocusEntityManager.swift */; };
		3EA0128C2E0A586600EF978E /* FocusFlowWidget.swift in Sources */ = {isa = PBXBuildFile; fileRef = 3EA0127E2E0A586600EF978E /* FocusFlowWidget.swift */; };
		3EA0128D2E0A586600EF978E /* StatisticsManager.swift in Sources */ = {isa = PBXBuildFile; fileRef = 3EA012602E0A586600EF978E /* StatisticsManager.swift */; };
		3EA0128E2E0A586600EF978E /* TaskViewModel.swift in Sources */ = {isa = PBXBuildFile; fileRef = 3EA0126E2E0A586600EF978E /* TaskViewModel.swift */; };
		3EA0128F2E0A586600EF978E /* ProductivityGardenManager.swift in Sources */ = {isa = PBXBuildFile; fileRef = 3EA0125E2E0A586600EF978E /* ProductivityGardenManager.swift */; };
		3EA012902E0A586600EF978E /* MenuBarManager.swift in Sources */ = {isa = PBXBuildFile; fileRef = 3EA0126C2E0A586600EF978E /* MenuBarManager.swift */; };
		3EA012912E0A586600EF978E /* AdvancedBlockingManager.swift in Sources */ = {isa = PBXBuildFile; fileRef = 3EA012552E0A586600EF978E /* AdvancedBlockingManager.swift */; };
		3EA012922E0A586600EF978E /* AmbientSoundManager.swift in Sources */ = {isa = PBXBuildFile; fileRef = 3EA012572E0A586600EF978E /* AmbientSoundManager.swift */; };
		3EA012932E0A586600EF978E /* ProductivityGarden.swift in Sources */ = {isa = PBXBuildFile; fileRef = 3EA012652E0A586600EF978E /* ProductivityGarden.swift */; };
		3EA012942E0A586600EF978E /* Focus_FlowApp.swift in Sources */ = {isa = PBXBuildFile; fileRef = 3EA0125A2E0A586600EF978E /* Focus_FlowApp.swift */; };
		3EA012952E0A586600EF978E /* BlockCompletionSheet.swift in Sources */ = {isa = PBXBuildFile; fileRef = 3EA0126B2E0A586600EF978E /* BlockCompletionSheet.swift */; };
		3EA012962E0A586600EF978E /* AISessionRecommender.swift in Sources */ = {isa = PBXBuildFile; fileRef = 3EA0126A2E0A586600EF978E /* AISessionRecommender.swift */; };
		3EA012972E0A586600EF978E /* Onboarding.swift in Sources */ = {isa = PBXBuildFile; fileRef = 3EA012792E0A586600EF978E /* Onboarding.swift */; };
		3EA012982E0A586600EF978E /* StatisticCard.swift in Sources */ = {isa = PBXBuildFile; fileRef = 3EA012702E0A586600EF978E /* StatisticCard.swift */; };
		3EA012992E0A586600EF978E /* HomeView.swift in Sources */ = {isa = PBXBuildFile; fileRef = 3EA012782E0A586600EF978E /* HomeView.swift */; };
		3EA0129A2E0A586600EF978E /* TimerView.swift in Sources */ = {isa = PBXBuildFile; fileRef = 3EA0127C2E0A586600EF978E /* TimerView.swift */; };
		3EA0129B2E0A586600EF978E /* AppBlockingSettingsView.swift in Sources */ = {isa = PBXBuildFile; fileRef = 3EA012752E0A586600EF978E /* AppBlockingSettingsView.swift */; };
		3EA0129C2E0A586600EF978E /* FocusEntity.swift in Sources */ = {isa = PBXBuildFile; fileRef = 3EA012632E0A586600EF978E /* FocusEntity.swift */; };
		3EA0129D2E0A586600EF978E /* ConfigureFocusModeIntent.swift in Sources */ = {isa = PBXBuildFile; fileRef = 3EA012622E0A586600EF978E /* ConfigureFocusModeIntent.swift */; };
		3EA0129E2E0A586600EF978E /* ScreenTimeManager.swift in Sources */ = {isa = PBXBuildFile; fileRef = 3EA0125F2E0A586600EF978E /* ScreenTimeManager.swift */; };
		3EA0129F2E0A586600EF978E /* AppBlockingManager.swift in Sources */ = {isa = PBXBuildFile; fileRef = 3EA012582E0A586600EF978E /* AppBlockingManager.swift */; };
		3EA012A02E0A586600EF978E /* Persistence.swift in Sources */ = {isa = PBXBuildFile; fileRef = 3EA0125C2E0A586600EF978E /* Persistence.swift */; };
		3EA012A12E0A586600EF978E /* AddTaskView.swift in Sources */ = {isa = PBXBuildFile; fileRef = 3EA012742E0A586600EF978E /* AddTaskView.swift */; };
		3EA012A22E0A586600EF978E /* SettingsView.swift in Sources */ = {isa = PBXBuildFile; fileRef = 3EA0127B2E0A586600EF978E /* SettingsView.swift */; };
		3EA012A32E0A586600EF978E /* TabBarButton.swift in Sources */ = {isa = PBXBuildFile; fileRef = 3EA012712E0A586600EF978E /* TabBarButton.swift */; };
		3EA012A42E0A586600EF978E /* AISessionRecommender.swift in Sources */ = {isa = PBXBuildFile; fileRef = 3EA012562E0A586600EF978E /* AISessionRecommender.swift */; };
		3EA012A52E0A586600EF978E /* ParticleEffectView.swift in Sources */ = {isa = PBXBuildFile; fileRef = 3EA0127A2E0A586600EF978E /* ParticleEffectView.swift */; };
		3EA012A62E0A586600EF978E /* PremiumStore.swift in Sources */ = {isa = PBXBuildFile; fileRef = 3EA0125D2E0A586600EF978E /* PremiumStore.swift */; };
		3EA012A72E0A586600EF978E /* EnvironmentalTheme.swift in Sources */ = {isa = PBXBuildFile; fileRef = 3EA012682E0A586600EF978E /* EnvironmentalTheme.swift */; };
		3EA012A82E0A586600EF978E /* NetworkBlockingService.swift in Sources */ = {isa = PBXBuildFile; fileRef = 3EA0125B2E0A586600EF978E /* NetworkBlockingService.swift */; };
		3EA012A92E0A586600EF978E /* ContentView.swift in Sources */ = {isa = PBXBuildFile; fileRef = 3EA012762E0A586600EF978E /* ContentView.swift */; };
		3EA012AA2E0A586600EF978E /* AdvancedAppBlockingManager.swift in Sources */ = {isa = PBXBuildFile; fileRef = 3EA012542E0A586600EF978E /* AdvancedAppBlockingManager.swift */; };
		3EA012AB2E0A586600EF978E /* Focus_Flow.xcdatamodeld in Sources */ = {isa = PBXBuildFile; fileRef = 3EA012832E0A586600EF978E /* Focus_Flow.xcdatamodeld */; };
		3EA012AC2E0A586600EF978E /* Assets.xcassets in Resources */ = {isa = PBXBuildFile; fileRef = 3EA012812E0A586600EF978E /* Assets.xcassets */; };
/* End PBXBuildFile section */

/* Begin PBXContainerItemProxy section */
		3EB61FB42D74D2C600B69DB7 /* PBXContainerItemProxy */ = {
			isa = PBXContainerItemProxy;
			containerPortal = 3EB61F952D74D2C200B69DB7 /* Project object */;
			proxyType = 1;
			remoteGlobalIDString = 3EB61F9C2D74D2C200B69DB7;
			remoteInfo = "Focus Flow";
		};
		3EB61FBE2D74D2C600B69DB7 /* PBXContainerItemProxy */ = {
			isa = PBXContainerItemProxy;
			containerPortal = 3EB61F952D74D2C200B69DB7 /* Project object */;
			proxyType = 1;
			remoteGlobalIDString = 3EB61F9C2D74D2C200B69DB7;
			remoteInfo = "Focus Flow";
		};
/* End PBXContainerItemProxy section */

/* Begin PBXFileReference section */
		3EA011FB2E0A585C00EF978E /* AdvancedAppBlockingManager.swift */ = {isa = PBXFileReference; lastKnownFileType = sourcecode.swift; path = AdvancedAppBlockingManager.swift; sourceTree = "<group>"; };
		3EA011FC2E0A585C00EF978E /* AdvancedBlockingManager.swift */ = {isa = PBXFileReference; lastKnownFileType = sourcecode.swift; path = AdvancedBlockingManager.swift; sourceTree = "<group>"; };
		3EA011FD2E0A585C00EF978E /* AISessionRecommender.swift */ = {isa = PBXFileReference; lastKnownFileType = sourcecode.swift; path = AISessionRecommender.swift; sourceTree = "<group>"; };
		3EA011FE2E0A585C00EF978E /* AmbientSoundManager.swift */ = {isa = PBXFileReference; lastKnownFileType = sourcecode.swift; path = AmbientSoundManager.swift; sourceTree = "<group>"; };
		3EA011FF2E0A585C00EF978E /* AppBlockingManager.swift */ = {isa = PBXFileReference; lastKnownFileType = sourcecode.swift; path = AppBlockingManager.swift; sourceTree = "<group>"; };
		3EA012002E0A585C00EF978E /* EnvironmentalThemeManager.swift */ = {isa = PBXFileReference; lastKnownFileType = sourcecode.swift; path = EnvironmentalThemeManager.swift; sourceTree = "<group>"; };
		3EA012012E0A585C00EF978E /* Focus_FlowApp.swift */ = {isa = PBXFileReference; lastKnownFileType = sourcecode.swift; path = Focus_FlowApp.swift; sourceTree = "<group>"; };
		3EA012022E0A585C00EF978E /* NetworkBlockingService.swift */ = {isa = PBXFileReference; lastKnownFileType = sourcecode.swift; path = NetworkBlockingService.swift; sourceTree = "<group>"; };
		3EA012032E0A585C00EF978E /* Persistence.swift */ = {isa = PBXFileReference; lastKnownFileType = sourcecode.swift; path = Persistence.swift; sourceTree = "<group>"; };
		3EA012042E0A585C00EF978E /* PremiumStore.swift */ = {isa = PBXFileReference; lastKnownFileType = sourcecode.swift; path = PremiumStore.swift; sourceTree = "<group>"; };
		3EA012052E0A585C00EF978E /* ProductivityGardenManager.swift */ = {isa = PBXFileReference; lastKnownFileType = sourcecode.swift; path = ProductivityGardenManager.swift; sourceTree = "<group>"; };
		3EA012062E0A585C00EF978E /* ScreenTimeManager.swift */ = {isa = PBXFileReference; lastKnownFileType = sourcecode.swift; path = ScreenTimeManager.swift; sourceTree = "<group>"; };
		3EA012072E0A585C00EF978E /* StatisticsManager.swift */ = {isa = PBXFileReference; lastKnownFileType = sourcecode.swift; path = StatisticsManager.swift; sourceTree = "<group>"; };
		3EA012092E0A585C00EF978E /* ConfigureFocusModeIntent.swift */ = {isa = PBXFileReference; lastKnownFileType = sourcecode.swift; path = ConfigureFocusModeIntent.swift; sourceTree = "<group>"; };
		3EA0120A2E0A585C00EF978E /* FocusEntity.swift */ = {isa = PBXFileReference; lastKnownFileType = sourcecode.swift; path = FocusEntity.swift; sourceTree = "<group>"; };
		3EA0120B2E0A585C00EF978E /* FocusEntityManager.swift */ = {isa = PBXFileReference; lastKnownFileType = sourcecode.swift; path = FocusEntityManager.swift; sourceTree = "<group>"; };
		3EA0120C2E0A585C00EF978E /* ProductivityGarden.swift */ = {isa = PBXFileReference; lastKnownFileType = sourcecode.swift; path = ProductivityGarden.swift; sourceTree = "<group>"; };
		3EA0120E2E0A585C00EF978E /* AppTheme.swift */ = {isa = PBXFileReference; lastKnownFileType = sourcecode.swift; path = AppTheme.swift; sourceTree = "<group>"; };
		3EA0120F2E0A585C00EF978E /* EnvironmentalTheme.swift */ = {isa = PBXFileReference; lastKnownFileType = sourcecode.swift; path = EnvironmentalTheme.swift; sourceTree = "<group>"; };
		3EA012112E0A585C00EF978E /* AISessionRecommender.swift */ = {isa = PBXFileReference; lastKnownFileType = sourcecode.swift; path = AISessionRecommender.swift; sourceTree = "<group>"; };
		3EA012122E0A585C00EF978E /* BlockCompletionSheet.swift */ = {isa = PBXFileReference; lastKnownFileType = sourcecode.swift; path = BlockCompletionSheet.swift; sourceTree = "<group>"; };
		3EA012132E0A585C00EF978E /* MenuBarManager.swift */ = {isa = PBXFileReference; lastKnownFileType = sourcecode.swift; path = MenuBarManager.swift; sourceTree = "<group>"; };
		3EA012152E0A585C00EF978E /* TaskViewModel.swift */ = {isa = PBXFileReference; lastKnownFileType = sourcecode.swift; path = TaskViewModel.swift; sourceTree = "<group>"; };
		3EA012172E0A585C00EF978E /* StatisticCard.swift */ = {isa = PBXFileReference; lastKnownFileType = sourcecode.swift; path = StatisticCard.swift; sourceTree = "<group>"; };
		3EA012182E0A585C00EF978E /* TabBarButton.swift */ = {isa = PBXFileReference; lastKnownFileType = sourcecode.swift; path = TabBarButton.swift; sourceTree = "<group>"; };
		3EA012192E0A585C00EF978E /* WeeklyProgressChart.swift */ = {isa = PBXFileReference; lastKnownFileType = sourcecode.swift; path = WeeklyProgressChart.swift; sourceTree = "<group>"; };
		3EA0121B2E0A585C00EF978E /* AddTaskView.swift */ = {isa = PBXFileReference; lastKnownFileType = sourcecode.swift; path = AddTaskView.swift; sourceTree = "<group>"; };
		3EA0121C2E0A585C00EF978E /* AppBlockingSettingsView.swift */ = {isa = PBXFileReference; lastKnownFileType = sourcecode.swift; path = AppBlockingSettingsView.swift; sourceTree = "<group>"; };
		3EA0121D2E0A585C00EF978E /* ContentView.swift */ = {isa = PBXFileReference; lastKnownFileType = sourcecode.swift; path = ContentView.swift; sourceTree = "<group>"; };
		3EA0121E2E0A585C00EF978E /* EnvironmentalBackground.swift */ = {isa = PBXFileReference; lastKnownFileType = sourcecode.swift; path = EnvironmentalBackground.swift; sourceTree = "<group>"; };
		3EA0121F2E0A585C00EF978E /* HomeView.swift */ = {isa = PBXFileReference; lastKnownFileType = sourcecode.swift; path = HomeView.swift; sourceTree = "<group>"; };
		3EA012202E0A585C00EF978E /* Onboarding.swift */ = {isa = PBXFileReference; lastKnownFileType = sourcecode.swift; path = Onboarding.swift; sourceTree = "<group>"; };
		3EA012212E0A585C00EF978E /* ParticleEffectView.swift */ = {isa = PBXFileReference; lastKnownFileType = sourcecode.swift; path = ParticleEffectView.swift; sourceTree = "<group>"; };
		3EA012222E0A585C00EF978E /* SettingsView.swift */ = {isa = PBXFileReference; lastKnownFileType = sourcecode.swift; path = SettingsView.swift; sourceTree = "<group>"; };
		3EA012232E0A585C00EF978E /* TimerView.swift */ = {isa = PBXFileReference; lastKnownFileType = sourcecode.swift; path = TimerView.swift; sourceTree = "<group>"; };
		3EA012252E0A585C00EF978E /* FocusFlowWidget.swift */ = {isa = PBXFileReference; lastKnownFileType = sourcecode.swift; path = FocusFlowWidget.swift; sourceTree = "<group>"; };
		3EA012262E0A585C00EF978E /* FocusWidget.swift */ = {isa = PBXFileReference; lastKnownFileType = sourcecode.swift; path = FocusWidget.swift; sourceTree = "<group>"; };
		3EA012282E0A585C00EF978E /* Assets.xcassets */ = {isa = PBXFileReference; lastKnownFileType = folder.assetcatalog; path = Assets.xcassets; sourceTree = "<group>"; };
		3EA012292E0A585C00EF978E /* Focus_Flow.entitlements */ = {isa = PBXFileReference; lastKnownFileType = text.plist.entitlements; path = Focus_Flow.entitlements; sourceTree = "<group>"; };
		3EA0122C2E0A585C00EF978E /* Focus_Flow.xcdatamodel */ = {isa = PBXFileReference; lastKnownFileType = wrapper.xcdatamodel; path = Focus_Flow.xcdatamodel; sourceTree = "<group>"; };
		3EA012542E0A586600EF978E /* AdvancedAppBlockingManager.swift */ = {isa = PBXFileReference; lastKnownFileType = sourcecode.swift; path = AdvancedAppBlockingManager.swift; sourceTree = "<group>"; };
		3EA012552E0A586600EF978E /* AdvancedBlockingManager.swift */ = {isa = PBXFileReference; lastKnownFileType = sourcecode.swift; path = AdvancedBlockingManager.swift; sourceTree = "<group>"; };
		3EA012562E0A586600EF978E /* AISessionRecommender.swift */ = {isa = PBXFileReference; lastKnownFileType = sourcecode.swift; path = AISessionRecommender.swift; sourceTree = "<group>"; };
		3EA012572E0A586600EF978E /* AmbientSoundManager.swift */ = {isa = PBXFileReference; lastKnownFileType = sourcecode.swift; path = AmbientSoundManager.swift; sourceTree = "<group>"; };
		3EA012582E0A586600EF978E /* AppBlockingManager.swift */ = {isa = PBXFileReference; lastKnownFileType = sourcecode.swift; path = AppBlockingManager.swift; sourceTree = "<group>"; };
		3EA012592E0A586600EF978E /* EnvironmentalThemeManager.swift */ = {isa = PBXFileReference; lastKnownFileType = sourcecode.swift; path = EnvironmentalThemeManager.swift; sourceTree = "<group>"; };
		3EA0125A2E0A586600EF978E /* Focus_FlowApp.swift */ = {isa = PBXFileReference; lastKnownFileType = sourcecode.swift; path = Focus_FlowApp.swift; sourceTree = "<group>"; };
		3EA0125B2E0A586600EF978E /* NetworkBlockingService.swift */ = {isa = PBXFileReference; lastKnownFileType = sourcecode.swift; path = NetworkBlockingService.swift; sourceTree = "<group>"; };
		3EA0125C2E0A586600EF978E /* Persistence.swift */ = {isa = PBXFileReference; lastKnownFileType = sourcecode.swift; path = Persistence.swift; sourceTree = "<group>"; };
		3EA0125D2E0A586600EF978E /* PremiumStore.swift */ = {isa = PBXFileReference; lastKnownFileType = sourcecode.swift; path = PremiumStore.swift; sourceTree = "<group>"; };
		3EA0125E2E0A586600EF978E /* ProductivityGardenManager.swift */ = {isa = PBXFileReference; lastKnownFileType = sourcecode.swift; path = ProductivityGardenManager.swift; sourceTree = "<group>"; };
		3EA0125F2E0A586600EF978E /* ScreenTimeManager.swift */ = {isa = PBXFileReference; lastKnownFileType = sourcecode.swift; path = ScreenTimeManager.swift; sourceTree = "<group>"; };
		3EA012602E0A586600EF978E /* StatisticsManager.swift */ = {isa = PBXFileReference; lastKnownFileType = sourcecode.swift; path = StatisticsManager.swift; sourceTree = "<group>"; };
		3EA012622E0A586600EF978E /* ConfigureFocusModeIntent.swift */ = {isa = PBXFileReference; lastKnownFileType = sourcecode.swift; path = ConfigureFocusModeIntent.swift; sourceTree = "<group>"; };
		3EA012632E0A586600EF978E /* FocusEntity.swift */ = {isa = PBXFileReference; lastKnownFileType = sourcecode.swift; path = FocusEntity.swift; sourceTree = "<group>"; };
		3EA012642E0A586600EF978E /* FocusEntityManager.swift */ = {isa = PBXFileReference; lastKnownFileType = sourcecode.swift; path = FocusEntityManager.swift; sourceTree = "<group>"; };
		3EA012652E0A586600EF978E /* ProductivityGarden.swift */ = {isa = PBXFileReference; lastKnownFileType = sourcecode.swift; path = ProductivityGarden.swift; sourceTree = "<group>"; };
		3EA012672E0A586600EF978E /* AppTheme.swift */ = {isa = PBXFileReference; lastKnownFileType = sourcecode.swift; path = AppTheme.swift; sourceTree = "<group>"; };
		3EA012682E0A586600EF978E /* EnvironmentalTheme.swift */ = {isa = PBXFileReference; lastKnownFileType = sourcecode.swift; path = EnvironmentalTheme.swift; sourceTree = "<group>"; };
		3EA0126A2E0A586600EF978E /* AISessionRecommender.swift */ = {isa = PBXFileReference; lastKnownFileType = sourcecode.swift; path = AISessionRecommender.swift; sourceTree = "<group>"; };
		3EA0126B2E0A586600EF978E /* BlockCompletionSheet.swift */ = {isa = PBXFileReference; lastKnownFileType = sourcecode.swift; path = BlockCompletionSheet.swift; sourceTree = "<group>"; };
		3EA0126C2E0A586600EF978E /* MenuBarManager.swift */ = {isa = PBXFileReference; lastKnownFileType = sourcecode.swift; path = MenuBarManager.swift; sourceTree = "<group>"; };
		3EA0126E2E0A586600EF978E /* TaskViewModel.swift */ = {isa = PBXFileReference; lastKnownFileType = sourcecode.swift; path = TaskViewModel.swift; sourceTree = "<group>"; };
		3EA012702E0A586600EF978E /* StatisticCard.swift */ = {isa = PBXFileReference; lastKnownFileType = sourcecode.swift; path = StatisticCard.swift; sourceTree = "<group>"; };
		3EA012712E0A586600EF978E /* TabBarButton.swift */ = {isa = PBXFileReference; lastKnownFileType = sourcecode.swift; path = TabBarButton.swift; sourceTree = "<group>"; };
		3EA012722E0A586600EF978E /* WeeklyProgressChart.swift */ = {isa = PBXFileReference; lastKnownFileType = sourcecode.swift; path = WeeklyProgressChart.swift; sourceTree = "<group>"; };
		3EA012742E0A586600EF978E /* AddTaskView.swift */ = {isa = PBXFileReference; lastKnownFileType = sourcecode.swift; path = AddTaskView.swift; sourceTree = "<group>"; };
		3EA012752E0A586600EF978E /* AppBlockingSettingsView.swift */ = {isa = PBXFileReference; lastKnownFileType = sourcecode.swift; path = AppBlockingSettingsView.swift; sourceTree = "<group>"; };
		3EA012762E0A586600EF978E /* ContentView.swift */ = {isa = PBXFileReference; lastKnownFileType = sourcecode.swift; path = ContentView.swift; sourceTree = "<group>"; };
		3EA012772E0A586600EF978E /* EnvironmentalBackground.swift */ = {isa = PBXFileReference; lastKnownFileType = sourcecode.swift; path = EnvironmentalBackground.swift; sourceTree = "<group>"; };
		3EA012782E0A586600EF978E /* HomeView.swift */ = {isa = PBXFileReference; lastKnownFileType = sourcecode.swift; path = HomeView.swift; sourceTree = "<group>"; };
		3EA012792E0A586600EF978E /* Onboarding.swift */ = {isa = PBXFileReference; lastKnownFileType = sourcecode.swift; path = Onboarding.swift; sourceTree = "<group>"; };
		3EA0127A2E0A586600EF978E /* ParticleEffectView.swift */ = {isa = PBXFileReference; lastKnownFileType = sourcecode.swift; path = ParticleEffectView.swift; sourceTree = "<group>"; };
		3EA0127B2E0A586600EF978E /* SettingsView.swift */ = {isa = PBXFileReference; lastKnownFileType = sourcecode.swift; path = SettingsView.swift; sourceTree = "<group>"; };
		3EA0127C2E0A586600EF978E /* TimerView.swift */ = {isa = PBXFileReference; lastKnownFileType = sourcecode.swift; path = TimerView.swift; sourceTree = "<group>"; };
		3EA0127E2E0A586600EF978E /* FocusFlowWidget.swift */ = {isa = PBXFileReference; lastKnownFileType = sourcecode.swift; path = FocusFlowWidget.swift; sourceTree = "<group>"; };
		3EA0127F2E0A586600EF978E /* FocusWidget.swift */ = {isa = PBXFileReference; lastKnownFileType = sourcecode.swift; path = FocusWidget.swift; sourceTree = "<group>"; };
		3EA012812E0A586600EF978E /* Assets.xcassets */ = {isa = PBXFileReference; lastKnownFileType = folder.assetcatalog; path = Assets.xcassets; sourceTree = "<group>"; };
		3EA012822E0A586600EF978E /* Focus_Flow.entitlements */ = {isa = PBXFileReference; lastKnownFileType = text.plist.entitlements; path = Focus_Flow.entitlements; sourceTree = "<group>"; };
		3EA012852E0A586600EF978E /* Focus_Flow.xcdatamodel */ = {isa = PBXFileReference; lastKnownFileType = wrapper.xcdatamodel; path = Focus_Flow.xcdatamodel; sourceTree = "<group>"; };
		3EB61F9D2D74D2C200B69DB7 /* Focus Flow.app */ = {isa = PBXFileReference; explicitFileType = wrapper.application; includeInIndex = 0; path = "Focus Flow.app"; sourceTree = BUILT_PRODUCTS_DIR; };
		3EB61FB32D74D2C600B69DB7 /* Focus FlowTests.xctest */ = {isa = PBXFileReference; explicitFileType = wrapper.cfbundle; includeInIndex = 0; path = "Focus FlowTests.xctest"; sourceTree = BUILT_PRODUCTS_DIR; };
		3EB61FBD2D74D2C600B69DB7 /* Focus FlowUITests.xctest */ = {isa = PBXFileReference; explicitFileType = wrapper.cfbundle; includeInIndex = 0; path = "Focus FlowUITests.xctest"; sourceTree = BUILT_PRODUCTS_DIR; };
/* End PBXFileReference section */

/* Begin PBXFileSystemSynchronizedRootGroup section */
		3EB61FB62D74D2C600B69DB7 /* Focus FlowTests */ = {
			isa = PBXFileSystemSynchronizedRootGroup;
			path = "Focus FlowTests";
			sourceTree = "<group>";
		};
		3EB61FC02D74D2C600B69DB7 /* Focus FlowUITests */ = {
			isa = PBXFileSystemSynchronizedRootGroup;
			path = "Focus FlowUITests";
			sourceTree = "<group>";
		};
/* End PBXFileSystemSynchronizedRootGroup section */

/* Begin PBXFrameworksBuildPhase section */
		3EB61F9A2D74D2C200B69DB7 /* Frameworks */ = {
			isa = PBXFrameworksBuildPhase;
			buildActionMask = 2147483647;
			files = (
			);
			runOnlyForDeploymentPostprocessing = 0;
		};
		3EB61FB02D74D2C600B69DB7 /* Frameworks */ = {
			isa = PBXFrameworksBuildPhase;
			buildActionMask = 2147483647;
			files = (
			);
			runOnlyForDeploymentPostprocessing = 0;
		};
		3EB61FBA2D74D2C600B69DB7 /* Frameworks */ = {
			isa = PBXFrameworksBuildPhase;
			buildActionMask = 2147483647;
			files = (
			);
			runOnlyForDeploymentPostprocessing = 0;
		};
/* End PBXFrameworksBuildPhase section */

/* Begin PBXGroup section */
		3EA012082E0A585C00EF978E /* Core */ = {
			isa = PBXGroup;
			children = (
				3EA011FB2E0A585C00EF978E /* AdvancedAppBlockingManager.swift */,
				3EA011FC2E0A585C00EF978E /* AdvancedBlockingManager.swift */,
				3EA011FD2E0A585C00EF978E /* AISessionRecommender.swift */,
				3EA011FE2E0A585C00EF978E /* AmbientSoundManager.swift */,
				3EA011FF2E0A585C00EF978E /* AppBlockingManager.swift */,
				3EA012002E0A585C00EF978E /* EnvironmentalThemeManager.swift */,
				3EA012012E0A585C00EF978E /* Focus_FlowApp.swift */,
				3EA012022E0A585C00EF978E /* NetworkBlockingService.swift */,
				3EA012032E0A585C00EF978E /* Persistence.swift */,
				3EA012042E0A585C00EF978E /* PremiumStore.swift */,
				3EA012052E0A585C00EF978E /* ProductivityGardenManager.swift */,
				3EA012062E0A585C00EF978E /* ScreenTimeManager.swift */,
				3EA012072E0A585C00EF978E /* StatisticsManager.swift */,
			);
			path = Core;
			sourceTree = "<group>";
		};
		3EA0120D2E0A585C00EF978E /* Models */ = {
			isa = PBXGroup;
			children = (
				3EA012092E0A585C00EF978E /* ConfigureFocusModeIntent.swift */,
				3EA0120A2E0A585C00EF978E /* FocusEntity.swift */,
				3EA0120B2E0A585C00EF978E /* FocusEntityManager.swift */,
				3EA0120C2E0A585C00EF978E /* ProductivityGarden.swift */,
			);
			path = Models;
			sourceTree = "<group>";
		};
		3EA012102E0A585C00EF978E /* Theme */ = {
			isa = PBXGroup;
			children = (
				3EA0120E2E0A585C00EF978E /* AppTheme.swift */,
				3EA0120F2E0A585C00EF978E /* EnvironmentalTheme.swift */,
			);
			path = Theme;
			sourceTree = "<group>";
		};
		3EA012142E0A585C00EF978E /* Utils */ = {
			isa = PBXGroup;
			children = (
				3EA012112E0A585C00EF978E /* AISessionRecommender.swift */,
				3EA012122E0A585C00EF978E /* BlockCompletionSheet.swift */,
				3EA012132E0A585C00EF978E /* MenuBarManager.swift */,
			);
			path = Utils;
			sourceTree = "<group>";
		};
		3EA012162E0A585C00EF978E /* ViewModels */ = {
			isa = PBXGroup;
			children = (
				3EA012152E0A585C00EF978E /* TaskViewModel.swift */,
			);
			path = ViewModels;
			sourceTree = "<group>";
		};
		3EA0121A2E0A585C00EF978E /* Components */ = {
			isa = PBXGroup;
			children = (
				3EA012172E0A585C00EF978E /* StatisticCard.swift */,
				3EA012182E0A585C00EF978E /* TabBarButton.swift */,
				3EA012192E0A585C00EF978E /* WeeklyProgressChart.swift */,
			);
			path = Components;
			sourceTree = "<group>";
		};
		3EA012242E0A585C00EF978E /* Views */ = {
			isa = PBXGroup;
			children = (
				3EA0121A2E0A585C00EF978E /* Components */,
				3EA0121B2E0A585C00EF978E /* AddTaskView.swift */,
				3EA0121C2E0A585C00EF978E /* AppBlockingSettingsView.swift */,
				3EA0121D2E0A585C00EF978E /* ContentView.swift */,
				3EA0121E2E0A585C00EF978E /* EnvironmentalBackground.swift */,
				3EA0121F2E0A585C00EF978E /* HomeView.swift */,
				3EA012202E0A585C00EF978E /* Onboarding.swift */,
				3EA012212E0A585C00EF978E /* ParticleEffectView.swift */,
				3EA012222E0A585C00EF978E /* SettingsView.swift */,
				3EA012232E0A585C00EF978E /* TimerView.swift */,
			);
			path = Views;
			sourceTree = "<group>";
		};
		3EA012272E0A585C00EF978E /* Widgets */ = {
			isa = PBXGroup;
			children = (
				3EA012252E0A585C00EF978E /* FocusFlowWidget.swift */,
				3EA012262E0A585C00EF978E /* FocusWidget.swift */,
			);
			path = Widgets;
			sourceTree = "<group>";
		};
		3EA0122B2E0A585C00EF978E /* Focus Flow */ = {
			isa = PBXGroup;
			children = (
				3EA012842E0A586600EF978E /* Focus Flow */,
				3EA012082E0A585C00EF978E /* Core */,
				3EA0120D2E0A585C00EF978E /* Models */,
				3EA012102E0A585C00EF978E /* Theme */,
				3EA012142E0A585C00EF978E /* Utils */,
				3EA012162E0A585C00EF978E /* ViewModels */,
				3EA012242E0A585C00EF978E /* Views */,
				3EA012272E0A585C00EF978E /* Widgets */,
				3EA012282E0A585C00EF978E /* Assets.xcassets */,
				3EA012292E0A585C00EF978E /* Focus_Flow.entitlements */,
				3EA0122A2E0A585C00EF978E /* Focus_Flow.xcdatamodeld */,
			);
			path = "Focus Flow";
			sourceTree = "<group>";
		};
		3EA012612E0A586600EF978E /* Core */ = {
			isa = PBXGroup;
			children = (
				3EA012542E0A586600EF978E /* AdvancedAppBlockingManager.swift */,
				3EA012552E0A586600EF978E /* AdvancedBlockingManager.swift */,
				3EA012562E0A586600EF978E /* AISessionRecommender.swift */,
				3EA012572E0A586600EF978E /* AmbientSoundManager.swift */,
				3EA012582E0A586600EF978E /* AppBlockingManager.swift */,
				3EA012592E0A586600EF978E /* EnvironmentalThemeManager.swift */,
				3EA0125A2E0A586600EF978E /* Focus_FlowApp.swift */,
				3EA0125B2E0A586600EF978E /* NetworkBlockingService.swift */,
				3EA0125C2E0A586600EF978E /* Persistence.swift */,
				3EA0125D2E0A586600EF978E /* PremiumStore.swift */,
				3EA0125E2E0A586600EF978E /* ProductivityGardenManager.swift */,
				3EA0125F2E0A586600EF978E /* ScreenTimeManager.swift */,
				3EA012602E0A586600EF978E /* StatisticsManager.swift */,
			);
			path = Core;
			sourceTree = "<group>";
		};
		3EA012662E0A586600EF978E /* Models */ = {
			isa = PBXGroup;
			children = (
				3EA012622E0A586600EF978E /* ConfigureFocusModeIntent.swift */,
				3EA012632E0A586600EF978E /* FocusEntity.swift */,
				3EA012642E0A586600EF978E /* FocusEntityManager.swift */,
				3EA012652E0A586600EF978E /* ProductivityGarden.swift */,
			);
			path = Models;
			sourceTree = "<group>";
		};
		3EA012692E0A586600EF978E /* Theme */ = {
			isa = PBXGroup;
			children = (
				3EA012672E0A586600EF978E /* AppTheme.swift */,
				3EA012682E0A586600EF978E /* EnvironmentalTheme.swift */,
			);
			path = Theme;
			sourceTree = "<group>";
		};
		3EA0126D2E0A586600EF978E /* Utils */ = {
			isa = PBXGroup;
			children = (
				3EA0126A2E0A586600EF978E /* AISessionRecommender.swift */,
				3EA0126B2E0A586600EF978E /* BlockCompletionSheet.swift */,
				3EA0126C2E0A586600EF978E /* MenuBarManager.swift */,
			);
			path = Utils;
			sourceTree = "<group>";
		};
		3EA0126F2E0A586600EF978E /* ViewModels */ = {
			isa = PBXGroup;
			children = (
				3EA0126E2E0A586600EF978E /* TaskViewModel.swift */,
			);
			path = ViewModels;
			sourceTree = "<group>";
		};
		3EA012732E0A586600EF978E /* Components */ = {
			isa = PBXGroup;
			children = (
				3EA012702E0A586600EF978E /* StatisticCard.swift */,
				3EA012712E0A586600EF978E /* TabBarButton.swift */,
				3EA012722E0A586600EF978E /* WeeklyProgressChart.swift */,
			);
			path = Components;
			sourceTree = "<group>";
		};
		3EA0127D2E0A586600EF978E /* Views */ = {
			isa = PBXGroup;
			children = (
				3EA012732E0A586600EF978E /* Components */,
				3EA012742E0A586600EF978E /* AddTaskView.swift */,
				3EA012752E0A586600EF978E /* AppBlockingSettingsView.swift */,
				3EA012762E0A586600EF978E /* ContentView.swift */,
				3EA012772E0A586600EF978E /* EnvironmentalBackground.swift */,
				3EA012782E0A586600EF978E /* HomeView.swift */,
				3EA012792E0A586600EF978E /* Onboarding.swift */,
				3EA0127A2E0A586600EF978E /* ParticleEffectView.swift */,
				3EA0127B2E0A586600EF978E /* SettingsView.swift */,
				3EA0127C2E0A586600EF978E /* TimerView.swift */,
			);
			path = Views;
			sourceTree = "<group>";
		};
		3EA012802E0A586600EF978E /* Widgets */ = {
			isa = PBXGroup;
			children = (
				3EA0127E2E0A586600EF978E /* FocusFlowWidget.swift */,
				3EA0127F2E0A586600EF978E /* FocusWidget.swift */,
			);
			path = Widgets;
			sourceTree = "<group>";
		};
		3EA012842E0A586600EF978E /* Focus Flow */ = {
			isa = PBXGroup;
			children = (
				3EA012612E0A586600EF978E /* Core */,
				3EA012662E0A586600EF978E /* Models */,
				3EA012692E0A586600EF978E /* Theme */,
				3EA0126D2E0A586600EF978E /* Utils */,
				3EA0126F2E0A586600EF978E /* ViewModels */,
				3EA0127D2E0A586600EF978E /* Views */,
				3EA012802E0A586600EF978E /* Widgets */,
				3EA012812E0A586600EF978E /* Assets.xcassets */,
				3EA012822E0A586600EF978E /* Focus_Flow.entitlements */,
				3EA012832E0A586600EF978E /* Focus_Flow.xcdatamodeld */,
			);
			path = "Focus Flow";
			sourceTree = "<group>";
		};
		3EB61F942D74D2C200B69DB7 = {
			isa = PBXGroup;
			children = (
				3EB61FB62D74D2C600B69DB7 /* Focus FlowTests */,
				3EB61FC02D74D2C600B69DB7 /* Focus FlowUITests */,
				3EB61F9E2D74D2C200B69DB7 /* Products */,
				3EA0122B2E0A585C00EF978E /* Focus Flow */,
			);
			sourceTree = "<group>";
		};
		3EB61F9E2D74D2C200B69DB7 /* Products */ = {
			isa = PBXGroup;
			children = (
				3EB61F9D2D74D2C200B69DB7 /* Focus Flow.app */,
				3EB61FB32D74D2C600B69DB7 /* Focus FlowTests.xctest */,
				3EB61FBD2D74D2C600B69DB7 /* Focus FlowUITests.xctest */,
			);
			name = Products;
			sourceTree = "<group>";
		};
/* End PBXGroup section */

/* Begin PBXNativeTarget section */
		3EB61F9C2D74D2C200B69DB7 /* Focus Flow */ = {
			isa = PBXNativeTarget;
			buildConfigurationList = 3EB61FC72D74D2C600B69DB7 /* Build configuration list for PBXNativeTarget "Focus Flow" */;
			buildPhases = (
				3EB61F992D74D2C200B69DB7 /* Sources */,
				3EB61F9A2D74D2C200B69DB7 /* Frameworks */,
				3EB61F9B2D74D2C200B69DB7 /* Resources */,
			);
			buildRules = (
			);
			dependencies = (
			);
			name = "Focus Flow";
			packageProductDependencies = (
			);
			productName = "Focus Flow";
			productReference = 3EB61F9D2D74D2C200B69DB7 /* Focus Flow.app */;
			productType = "com.apple.product-type.application";
		};
		3EB61FB22D74D2C600B69DB7 /* Focus FlowTests */ = {
			isa = PBXNativeTarget;
			buildConfigurationList = 3EB61FCA2D74D2C600B69DB7 /* Build configuration list for PBXNativeTarget "Focus FlowTests" */;
			buildPhases = (
				3EB61FAF2D74D2C600B69DB7 /* Sources */,
				3EB61FB02D74D2C600B69DB7 /* Frameworks */,
				3EB61FB12D74D2C600B69DB7 /* Resources */,
			);
			buildRules = (
			);
			dependencies = (
				3EB61FB52D74D2C600B69DB7 /* PBXTargetDependency */,
			);
			fileSystemSynchronizedGroups = (
				3EB61FB62D74D2C600B69DB7 /* Focus FlowTests */,
			);
			name = "Focus FlowTests";
			packageProductDependencies = (
			);
			productName = "Focus FlowTests";
			productReference = 3EB61FB32D74D2C600B69DB7 /* Focus FlowTests.xctest */;
			productType = "com.apple.product-type.bundle.unit-test";
		};
		3EB61FBC2D74D2C600B69DB7 /* Focus FlowUITests */ = {
			isa = PBXNativeTarget;
			buildConfigurationList = 3EB61FCD2D74D2C600B69DB7 /* Build configuration list for PBXNativeTarget "Focus FlowUITests" */;
			buildPhases = (
				3EB61FB92D74D2C600B69DB7 /* Sources */,
				3EB61FBA2D74D2C600B69DB7 /* Frameworks */,
				3EB61FBB2D74D2C600B69DB7 /* Resources */,
			);
			buildRules = (
			);
			dependencies = (
				3EB61FBF2D74D2C600B69DB7 /* PBXTargetDependency */,
			);
			fileSystemSynchronizedGroups = (
				3EB61FC02D74D2C600B69DB7 /* Focus FlowUITests */,
			);
			name = "Focus FlowUITests";
			packageProductDependencies = (
			);
			productName = "Focus FlowUITests";
			productReference = 3EB61FBD2D74D2C600B69DB7 /* Focus FlowUITests.xctest */;
			productType = "com.apple.product-type.bundle.ui-testing";
		};
/* End PBXNativeTarget section */

/* Begin PBXProject section */
		3EB61F952D74D2C200B69DB7 /* Project object */ = {
			isa = PBXProject;
			attributes = {
				BuildIndependentTargetsInParallel = 1;
				LastSwiftUpdateCheck = 1620;
				LastUpgradeCheck = 1620;
				TargetAttributes = {
					3EB61F9C2D74D2C200B69DB7 = {
						CreatedOnToolsVersion = 16.2;
					};
					3EB61FB22D74D2C600B69DB7 = {
						CreatedOnToolsVersion = 16.2;
						TestTargetID = 3EB61F9C2D74D2C200B69DB7;
					};
					3EB61FBC2D74D2C600B69DB7 = {
						CreatedOnToolsVersion = 16.2;
						TestTargetID = 3EB61F9C2D74D2C200B69DB7;
					};
				};
			};
			buildConfigurationList = 3EB61F982D74D2C200B69DB7 /* Build configuration list for PBXProject "Focus Flow" */;
			developmentRegion = en;
			hasScannedForEncodings = 0;
			knownRegions = (
				en,
				Base,
			);
			mainGroup = 3EB61F942D74D2C200B69DB7;
			minimizedProjectReferenceProxies = 1;
			preferredProjectObjectVersion = 77;
			productRefGroup = 3EB61F9E2D74D2C200B69DB7 /* Products */;
			projectDirPath = "";
			projectRoot = "";
			targets = (
				3EB61F9C2D74D2C200B69DB7 /* Focus Flow */,
				3EB61FB22D74D2C600B69DB7 /* Focus FlowTests */,
				3EB61FBC2D74D2C600B69DB7 /* Focus FlowUITests */,
			);
		};
/* End PBXProject section */

/* Begin PBXResourcesBuildPhase section */
		3EB61F9B2D74D2C200B69DB7 /* Resources */ = {
			isa = PBXResourcesBuildPhase;
			buildActionMask = 2147483647;
			files = (
			);
			runOnlyForDeploymentPostprocessing = 0;
		};
		3EB61FB12D74D2C600B69DB7 /* Resources */ = {
			isa = PBXResourcesBuildPhase;
			buildActionMask = 2147483647;
			files = (
				3EA012AC2E0A586600EF978E /* Assets.xcassets in Resources */,
				3EA012532E0A585C00EF978E /* Assets.xcassets in Resources */,
			);
			runOnlyForDeploymentPostprocessing = 0;
		};
		3EB61FBB2D74D2C600B69DB7 /* Resources */ = {
			isa = PBXResourcesBuildPhase;
			buildActionMask = 2147483647;
			files = (
			);
			runOnlyForDeploymentPostprocessing = 0;
		};
/* End PBXResourcesBuildPhase section */

/* Begin PBXSourcesBuildPhase section */
		3EB61F992D74D2C200B69DB7 /* Sources */ = {
			isa = PBXSourcesBuildPhase;
			buildActionMask = 2147483647;
			files = (
			);
			runOnlyForDeploymentPostprocessing = 0;
		};
		3EB61FAF2D74D2C600B69DB7 /* Sources */ = {
			isa = PBXSourcesBuildPhase;
			buildActionMask = 2147483647;
			files = (
				3EA0122D2E0A585C00EF978E /* TabBarButton.swift in Sources */,
				3EA0122E2E0A585C00EF978E /* StatisticsManager.swift in Sources */,
				3EA0122F2E0A585C00EF978E /* HomeView.swift in Sources */,
				3EA012302E0A585C00EF978E /* AISessionRecommender.swift in Sources */,
				3EA012862E0A586600EF978E /* EnvironmentalBackground.swift in Sources */,
				3EA012872E0A586600EF978E /* AppTheme.swift in Sources */,
				3EA012882E0A586600EF978E /* WeeklyProgressChart.swift in Sources */,
				3EA012892E0A586600EF978E /* FocusWidget.swift in Sources */,
				3EA0128A2E0A586600EF978E /* EnvironmentalThemeManager.swift in Sources */,
				3EA0128B2E0A586600EF978E /* FocusEntityManager.swift in Sources */,
				3EA0128C2E0A586600EF978E /* FocusFlowWidget.swift in Sources */,
				3EA0128D2E0A586600EF978E /* StatisticsManager.swift in Sources */,
				3EA0128E2E0A586600EF978E /* TaskViewModel.swift in Sources */,
				3EA0128F2E0A586600EF978E /* ProductivityGardenManager.swift in Sources */,
				3EA012902E0A586600EF978E /* MenuBarManager.swift in Sources */,
				3EA012912E0A586600EF978E /* AdvancedBlockingManager.swift in Sources */,
				3EA012922E0A586600EF978E /* AmbientSoundManager.swift in Sources */,
				3EA012932E0A586600EF978E /* ProductivityGarden.swift in Sources */,
				3EA012942E0A586600EF978E /* Focus_FlowApp.swift in Sources */,
				3EA012952E0A586600EF978E /* BlockCompletionSheet.swift in Sources */,
				3EA012962E0A586600EF978E /* AISessionRecommender.swift in Sources */,
				3EA012972E0A586600EF978E /* Onboarding.swift in Sources */,
				3EA012982E0A586600EF978E /* StatisticCard.swift in Sources */,
				3EA012992E0A586600EF978E /* HomeView.swift in Sources */,
				3EA0129A2E0A586600EF978E /* TimerView.swift in Sources */,
				3EA0129B2E0A586600EF978E /* AppBlockingSettingsView.swift in Sources */,
				3EA0129C2E0A586600EF978E /* FocusEntity.swift in Sources */,
				3EA0129D2E0A586600EF978E /* ConfigureFocusModeIntent.swift in Sources */,
				3EA0129E2E0A586600EF978E /* ScreenTimeManager.swift in Sources */,
				3EA0129F2E0A586600EF978E /* AppBlockingManager.swift in Sources */,
				3EA012A02E0A586600EF978E /* Persistence.swift in Sources */,
				3EA012A12E0A586600EF978E /* AddTaskView.swift in Sources */,
				3EA012A22E0A586600EF978E /* SettingsView.swift in Sources */,
				3EA012A32E0A586600EF978E /* TabBarButton.swift in Sources */,
				3EA012A42E0A586600EF978E /* AISessionRecommender.swift in Sources */,
				3EA012A52E0A586600EF978E /* ParticleEffectView.swift in Sources */,
				3EA012A62E0A586600EF978E /* PremiumStore.swift in Sources */,
				3EA012A72E0A586600EF978E /* EnvironmentalTheme.swift in Sources */,
				3EA012A82E0A586600EF978E /* NetworkBlockingService.swift in Sources */,
				3EA012A92E0A586600EF978E /* ContentView.swift in Sources */,
				3EA012AA2E0A586600EF978E /* AdvancedAppBlockingManager.swift in Sources */,
				3EA012AB2E0A586600EF978E /* Focus_Flow.xcdatamodeld in Sources */,
				3EA012312E0A585C00EF978E /* ContentView.swift in Sources */,
				3EA012322E0A585C00EF978E /* Persistence.swift in Sources */,
				3EA012332E0A585C00EF978E /* ProductivityGarden.swift in Sources */,
				3EA012342E0A585C00EF978E /* FocusWidget.swift in Sources */,
				3EA012352E0A585C00EF978E /* AdvancedAppBlockingManager.swift in Sources */,
				3EA012362E0A585C00EF978E /* AISessionRecommender.swift in Sources */,
				3EA012372E0A585C00EF978E /* FocusEntity.swift in Sources */,
				3EA012382E0A585C00EF978E /* TaskViewModel.swift in Sources */,
				3EA012392E0A585C00EF978E /* AdvancedBlockingManager.swift in Sources */,
				3EA0123A2E0A585C00EF978E /* AppTheme.swift in Sources */,
				3EA0123B2E0A585C00EF978E /* EnvironmentalTheme.swift in Sources */,
				3EA0123C2E0A585C00EF978E /* TimerView.swift in Sources */,
				3EA0123D2E0A585C00EF978E /* AmbientSoundManager.swift in Sources */,
				3EA0123E2E0A585C00EF978E /* BlockCompletionSheet.swift in Sources */,
				3EA0123F2E0A585C00EF978E /* Focus_Flow.xcdatamodeld in Sources */,
				3EA012402E0A585C00EF978E /* Focus_FlowApp.swift in Sources */,
				3EA012412E0A585C00EF978E /* WeeklyProgressChart.swift in Sources */,
				3EA012422E0A585C00EF978E /* AppBlockingManager.swift in Sources */,
				3EA012432E0A585C00EF978E /* FocusFlowWidget.swift in Sources */,
				3EA012442E0A585C00EF978E /* AddTaskView.swift in Sources */,
				3EA012452E0A585C00EF978E /* ProductivityGardenManager.swift in Sources */,
				3EA012462E0A585C00EF978E /* PremiumStore.swift in Sources */,
				3EA012472E0A585C00EF978E /* MenuBarManager.swift in Sources */,
				3EA012482E0A585C00EF978E /* EnvironmentalThemeManager.swift in Sources */,
				3EA012492E0A585C00EF978E /* ParticleEffectView.swift in Sources */,
				3EA0124A2E0A585C00EF978E /* Onboarding.swift in Sources */,
				3EA0124B2E0A585C00EF978E /* FocusEntityManager.swift in Sources */,
				3EA0124C2E0A585C00EF978E /* EnvironmentalBackground.swift in Sources */,
				3EA0124D2E0A585C00EF978E /* ScreenTimeManager.swift in Sources */,
				3EA0124E2E0A585C00EF978E /* ConfigureFocusModeIntent.swift in Sources */,
				3EA0124F2E0A585C00EF978E /* AppBlockingSettingsView.swift in Sources */,
				3EA012502E0A585C00EF978E /* SettingsView.swift in Sources */,
				3EA012512E0A585C00EF978E /* StatisticCard.swift in Sources */,
				3EA012522E0A585C00EF978E /* NetworkBlockingService.swift in Sources */,
			);
			runOnlyForDeploymentPostprocessing = 0;
		};
		3EB61FB92D74D2C600B69DB7 /* Sources */ = {
			isa = PBXSourcesBuildPhase;
			buildActionMask = 2147483647;
			files = (
			);
			runOnlyForDeploymentPostprocessing = 0;
		};
/* End PBXSourcesBuildPhase section */

/* Begin PBXTargetDependency section */
		3EB61FB52D74D2C600B69DB7 /* PBXTargetDependency */ = {
			isa = PBXTargetDependency;
			target = 3EB61F9C2D74D2C200B69DB7 /* Focus Flow */;
			targetProxy = 3EB61FB42D74D2C600B69DB7 /* PBXContainerItemProxy */;
		};
		3EB61FBF2D74D2C600B69DB7 /* PBXTargetDependency */ = {
			isa = PBXTargetDependency;
			target = 3EB61F9C2D74D2C200B69DB7 /* Focus Flow */;
			targetProxy = 3EB61FBE2D74D2C600B69DB7 /* PBXContainerItemProxy */;
		};
/* End PBXTargetDependency section */

/* Begin XCBuildConfiguration section */
		3EB61FC52D74D2C600B69DB7 /* Debug */ = {
			isa = XCBuildConfiguration;
			buildSettings = {
				ALWAYS_SEARCH_USER_PATHS = NO;
				ASSETCATALOG_COMPILER_GENERATE_SWIFT_ASSET_SYMBOL_EXTENSIONS = YES;
				CLANG_ANALYZER_NONNULL = YES;
				CLANG_ANALYZER_NUMBER_OBJECT_CONVERSION = YES_AGGRESSIVE;
				CLANG_CXX_LANGUAGE_STANDARD = "gnu++20";
				CLANG_ENABLE_MODULES = YES;
				CLANG_ENABLE_OBJC_ARC = YES;
				CLANG_ENABLE_OBJC_WEAK = YES;
				CLANG_WARN_BLOCK_CAPTURE_AUTORELEASING = YES;
				CLANG_WARN_BOOL_CONVERSION = YES;
				CLANG_WARN_COMMA = YES;
				CLANG_WARN_CONSTANT_CONVERSION = YES;
				CLANG_WARN_DEPRECATED_OBJC_IMPLEMENTATIONS = YES;
				CLANG_WARN_DIRECT_OBJC_ISA_USAGE = YES_ERROR;
				CLANG_WARN_DOCUMENTATION_COMMENTS = YES;
				CLANG_WARN_EMPTY_BODY = YES;
				CLANG_WARN_ENUM_CONVERSION = YES;
				CLANG_WARN_INFINITE_RECURSION = YES;
				CLANG_WARN_INT_CONVERSION = YES;
				CLANG_WARN_NON_LITERAL_NULL_CONVERSION = YES;
				CLANG_WARN_OBJC_IMPLICIT_RETAIN_SELF = YES;
				CLANG_WARN_OBJC_LITERAL_CONVERSION = YES;
				CLANG_WARN_OBJC_ROOT_CLASS = YES_ERROR;
				CLANG_WARN_QUOTED_INCLUDE_IN_FRAMEWORK_HEADER = YES;
				CLANG_WARN_RANGE_LOOP_ANALYSIS = YES;
				CLANG_WARN_STRICT_PROTOTYPES = YES;
				CLANG_WARN_SUSPICIOUS_MOVE = YES;
				CLANG_WARN_UNGUARDED_AVAILABILITY = YES_AGGRESSIVE;
				CLANG_WARN_UNREACHABLE_CODE = YES;
				CLANG_WARN__DUPLICATE_METHOD_MATCH = YES;
				COPY_PHASE_STRIP = NO;
				DEBUG_INFORMATION_FORMAT = dwarf;
				ENABLE_STRICT_OBJC_MSGSEND = YES;
				ENABLE_TESTABILITY = YES;
				ENABLE_USER_SCRIPT_SANDBOXING = YES;
				GCC_C_LANGUAGE_STANDARD = gnu17;
				GCC_DYNAMIC_NO_PIC = NO;
				GCC_NO_COMMON_BLOCKS = YES;
				GCC_OPTIMIZATION_LEVEL = 0;
				GCC_PREPROCESSOR_DEFINITIONS = (
					"DEBUG=1",
					"$(inherited)",
				);
				GCC_WARN_64_TO_32_BIT_CONVERSION = YES;
				GCC_WARN_ABOUT_RETURN_TYPE = YES_ERROR;
				GCC_WARN_UNDECLARED_SELECTOR = YES;
				GCC_WARN_UNINITIALIZED_AUTOS = YES_AGGRESSIVE;
				GCC_WARN_UNUSED_FUNCTION = YES;
				GCC_WARN_UNUSED_VARIABLE = YES;
				LOCALIZATION_PREFERS_STRING_CATALOGS = YES;
				MACOSX_DEPLOYMENT_TARGET = 14.5;
				MTL_ENABLE_DEBUG_INFO = INCLUDE_SOURCE;
				MTL_FAST_MATH = YES;
				ONLY_ACTIVE_ARCH = YES;
				SDKROOT = macosx;
				SWIFT_ACTIVE_COMPILATION_CONDITIONS = "DEBUG $(inherited)";
				SWIFT_OPTIMIZATION_LEVEL = "-Onone";
			};
			name = Debug;
		};
		3EB61FC62D74D2C600B69DB7 /* Release */ = {
			isa = XCBuildConfiguration;
			buildSettings = {
				ALWAYS_SEARCH_USER_PATHS = NO;
				ASSETCATALOG_COMPILER_GENERATE_SWIFT_ASSET_SYMBOL_EXTENSIONS = YES;
				CLANG_ANALYZER_NONNULL = YES;
				CLANG_ANALYZER_NUMBER_OBJECT_CONVERSION = YES_AGGRESSIVE;
				CLANG_CXX_LANGUAGE_STANDARD = "gnu++20";
				CLANG_ENABLE_MODULES = YES;
				CLANG_ENABLE_OBJC_ARC = YES;
				CLANG_ENABLE_OBJC_WEAK = YES;
				CLANG_WARN_BLOCK_CAPTURE_AUTORELEASING = YES;
				CLANG_WARN_BOOL_CONVERSION = YES;
				CLANG_WARN_COMMA = YES;
				CLANG_WARN_CONSTANT_CONVERSION = YES;
				CLANG_WARN_DEPRECATED_OBJC_IMPLEMENTATIONS = YES;
				CLANG_WARN_DIRECT_OBJC_ISA_USAGE = YES_ERROR;
				CLANG_WARN_DOCUMENTATION_COMMENTS = YES;
				CLANG_WARN_EMPTY_BODY = YES;
				CLANG_WARN_ENUM_CONVERSION = YES;
				CLANG_WARN_INFINITE_RECURSION = YES;
				CLANG_WARN_INT_CONVERSION = YES;
				CLANG_WARN_NON_LITERAL_NULL_CONVERSION = YES;
				CLANG_WARN_OBJC_IMPLICIT_RETAIN_SELF = YES;
				CLANG_WARN_OBJC_LITERAL_CONVERSION = YES;
				CLANG_WARN_OBJC_ROOT_CLASS = YES_ERROR;
				CLANG_WARN_QUOTED_INCLUDE_IN_FRAMEWORK_HEADER = YES;
				CLANG_WARN_RANGE_LOOP_ANALYSIS = YES;
				CLANG_WARN_STRICT_PROTOTYPES = YES;
				CLANG_WARN_SUSPICIOUS_MOVE = YES;
				CLANG_WARN_UNGUARDED_AVAILABILITY = YES_AGGRESSIVE;
				CLANG_WARN_UNREACHABLE_CODE = YES;
				CLANG_WARN__DUPLICATE_METHOD_MATCH = YES;
				COPY_PHASE_STRIP = NO;
				DEBUG_INFORMATION_FORMAT = "dwarf-with-dsym";
				ENABLE_NS_ASSERTIONS = NO;
				ENABLE_STRICT_OBJC_MSGSEND = YES;
				ENABLE_USER_SCRIPT_SANDBOXING = YES;
				GCC_C_LANGUAGE_STANDARD = gnu17;
				GCC_NO_COMMON_BLOCKS = YES;
				GCC_WARN_64_TO_32_BIT_CONVERSION = YES;
				GCC_WARN_ABOUT_RETURN_TYPE = YES_ERROR;
				GCC_WARN_UNDECLARED_SELECTOR = YES;
				GCC_WARN_UNINITIALIZED_AUTOS = YES_AGGRESSIVE;
				GCC_WARN_UNUSED_FUNCTION = YES;
				GCC_WARN_UNUSED_VARIABLE = YES;
				LOCALIZATION_PREFERS_STRING_CATALOGS = YES;
				MACOSX_DEPLOYMENT_TARGET = 14.5;
				MTL_ENABLE_DEBUG_INFO = NO;
				MTL_FAST_MATH = YES;
				SDKROOT = macosx;
				SWIFT_COMPILATION_MODE = wholemodule;
			};
			name = Release;
		};
		3EB61FC82D74D2C600B69DB7 /* Debug */ = {
			isa = XCBuildConfiguration;
			buildSettings = {
				ASSETCATALOG_COMPILER_APPICON_NAME = AppIcon;
				ASSETCATALOG_COMPILER_GLOBAL_ACCENT_COLOR_NAME = AccentColor;
				CODE_SIGN_ENTITLEMENTS = "Focus Flow/Focus_Flow.entitlements";
				CODE_SIGN_STYLE = Automatic;
				COMBINE_HIDPI_IMAGES = YES;
				CURRENT_PROJECT_VERSION = 1;
				DEVELOPMENT_TEAM = 679K683SQ5;
				ENABLE_HARDENED_RUNTIME = YES;
				ENABLE_PREVIEWS = YES;
				GENERATE_INFOPLIST_FILE = YES;
				INFOPLIST_FILE = "Focus-Flow-Info.plist";
				INFOPLIST_KEY_NSHumanReadableCopyright = "";
				IPHONEOS_DEPLOYMENT_TARGET = 16.6;
				LD_RUNPATH_SEARCH_PATHS = (
					"$(inherited)",
					"@executable_path/../Frameworks",
				);
				MARKETING_VERSION = 1.0;
				PRODUCT_BUNDLE_IDENTIFIER = "com.tobiasfu.Focus-Flow";
				PRODUCT_NAME = "$(TARGET_NAME)";
				SUPPORTED_PLATFORMS = "iphoneos iphonesimulator macosx";
				SUPPORTS_MACCATALYST = NO;
				SWIFT_EMIT_LOC_STRINGS = YES;
				SWIFT_VERSION = 5.0;
				TARGETED_DEVICE_FAMILY = 1;
			};
			name = Debug;
		};
		3EB61FC92D74D2C600B69DB7 /* Release */ = {
			isa = XCBuildConfiguration;
			buildSettings = {
				ASSETCATALOG_COMPILER_APPICON_NAME = AppIcon;
				ASSETCATALOG_COMPILER_GLOBAL_ACCENT_COLOR_NAME = AccentColor;
				CODE_SIGN_ENTITLEMENTS = "Focus Flow/Focus_Flow.entitlements";
				CODE_SIGN_STYLE = Automatic;
				COMBINE_HIDPI_IMAGES = YES;
				CURRENT_PROJECT_VERSION = 1;
				DEVELOPMENT_TEAM = 679K683SQ5;
				ENABLE_HARDENED_RUNTIME = YES;
				ENABLE_PREVIEWS = YES;
				GENERATE_INFOPLIST_FILE = YES;
				INFOPLIST_FILE = "Focus-Flow-Info.plist";
				INFOPLIST_KEY_NSHumanReadableCopyright = "";
				IPHONEOS_DEPLOYMENT_TARGET = 16.6;
				LD_RUNPATH_SEARCH_PATHS = (
					"$(inherited)",
					"@executable_path/../Frameworks",
				);
				MARKETING_VERSION = 1.0;
				PRODUCT_BUNDLE_IDENTIFIER = "com.tobiasfu.Focus-Flow";
				PRODUCT_NAME = "$(TARGET_NAME)";
				SUPPORTED_PLATFORMS = "iphoneos iphonesimulator macosx";
				SUPPORTS_MACCATALYST = NO;
				SWIFT_EMIT_LOC_STRINGS = YES;
				SWIFT_VERSION = 5.0;
				TARGETED_DEVICE_FAMILY = 1;
			};
			name = Release;
		};
		3EB61FCB2D74D2C600B69DB7 /* Debug */ = {
			isa = XCBuildConfiguration;
			buildSettings = {
				BUNDLE_LOADER = "$(TEST_HOST)";
				CODE_SIGN_STYLE = Automatic;
				CURRENT_PROJECT_VERSION = 1;
				DEVELOPMENT_TEAM = KUXA576FBM;
				GENERATE_INFOPLIST_FILE = YES;
				MACOSX_DEPLOYMENT_TARGET = 14.5;
				MARKETING_VERSION = 1.0;
				PRODUCT_BUNDLE_IDENTIFIER = "com.tobiasfu.Focus-FlowTests";
				PRODUCT_NAME = "$(TARGET_NAME)";
				SWIFT_EMIT_LOC_STRINGS = NO;
				SWIFT_VERSION = 5.0;
				TEST_HOST = "$(BUILT_PRODUCTS_DIR)/Focus Flow.app/$(BUNDLE_EXECUTABLE_FOLDER_PATH)/Focus Flow";
			};
			name = Debug;
		};
		3EB61FCC2D74D2C600B69DB7 /* Release */ = {
			isa = XCBuildConfiguration;
			buildSettings = {
				BUNDLE_LOADER = "$(TEST_HOST)";
				CODE_SIGN_STYLE = Automatic;
				CURRENT_PROJECT_VERSION = 1;
				DEVELOPMENT_TEAM = KUXA576FBM;
				GENERATE_INFOPLIST_FILE = YES;
				MACOSX_DEPLOYMENT_TARGET = 14.5;
				MARKETING_VERSION = 1.0;
				PRODUCT_BUNDLE_IDENTIFIER = "com.tobiasfu.Focus-FlowTests";
				PRODUCT_NAME = "$(TARGET_NAME)";
				SWIFT_EMIT_LOC_STRINGS = NO;
				SWIFT_VERSION = 5.0;
				TEST_HOST = "$(BUILT_PRODUCTS_DIR)/Focus Flow.app/$(BUNDLE_EXECUTABLE_FOLDER_PATH)/Focus Flow";
			};
			name = Release;
		};
		3EB61FCE2D74D2C600B69DB7 /* Debug */ = {
			isa = XCBuildConfiguration;
			buildSettings = {
				CODE_SIGN_STYLE = Automatic;
				CURRENT_PROJECT_VERSION = 1;
				DEVELOPMENT_TEAM = KUXA576FBM;
				GENERATE_INFOPLIST_FILE = YES;
				MARKETING_VERSION = 1.0;
				PRODUCT_BUNDLE_IDENTIFIER = "com.tobiasfu.Focus-FlowUITests";
				PRODUCT_NAME = "$(TARGET_NAME)";
				SWIFT_EMIT_LOC_STRINGS = NO;
				SWIFT_VERSION = 5.0;
				TEST_TARGET_NAME = "Focus Flow";
			};
			name = Debug;
		};
		3EB61FCF2D74D2C600B69DB7 /* Release */ = {
			isa = XCBuildConfiguration;
			buildSettings = {
				CODE_SIGN_STYLE = Automatic;
				CURRENT_PROJECT_VERSION = 1;
				DEVELOPMENT_TEAM = KUXA576FBM;
				GENERATE_INFOPLIST_FILE = YES;
				MARKETING_VERSION = 1.0;
				PRODUCT_BUNDLE_IDENTIFIER = "com.tobiasfu.Focus-FlowUITests";
				PRODUCT_NAME = "$(TARGET_NAME)";
				SWIFT_EMIT_LOC_STRINGS = NO;
				SWIFT_VERSION = 5.0;
				TEST_TARGET_NAME = "Focus Flow";
			};
			name = Release;
		};
/* End XCBuildConfiguration section */

/* Begin XCConfigurationList section */
		3EB61F982D74D2C200B69DB7 /* Build configuration list for PBXProject "Focus Flow" */ = {
			isa = XCConfigurationList;
			buildConfigurations = (
				3EB61FC52D74D2C600B69DB7 /* Debug */,
				3EB61FC62D74D2C600B69DB7 /* Release */,
			);
			defaultConfigurationIsVisible = 0;
			defaultConfigurationName = Release;
		};
		3EB61FC72D74D2C600B69DB7 /* Build configuration list for PBXNativeTarget "Focus Flow" */ = {
			isa = XCConfigurationList;
			buildConfigurations = (
				3EB61FC82D74D2C600B69DB7 /* Debug */,
				3EB61FC92D74D2C600B69DB7 /* Release */,
			);
			defaultConfigurationIsVisible = 0;
			defaultConfigurationName = Release;
		};
		3EB61FCA2D74D2C600B69DB7 /* Build configuration list for PBXNativeTarget "Focus FlowTests" */ = {
			isa = XCConfigurationList;
			buildConfigurations = (
				3EB61FCB2D74D2C600B69DB7 /* Debug */,
				3EB61FCC2D74D2C600B69DB7 /* Release */,
			);
			defaultConfigurationIsVisible = 0;
			defaultConfigurationName = Release;
		};
		3EB61FCD2D74D2C600B69DB7 /* Build configuration list for PBXNativeTarget "Focus FlowUITests" */ = {
			isa = XCConfigurationList;
			buildConfigurations = (
				3EB61FCE2D74D2C600B69DB7 /* Debug */,
				3EB61FCF2D74D2C600B69DB7 /* Release */,
			);
			defaultConfigurationIsVisible = 0;
			defaultConfigurationName = Release;
		};
/* End XCConfigurationList section */

/* Begin XCVersionGroup section */
		3EA0122A2E0A585C00EF978E /* Focus_Flow.xcdatamodeld */ = {
			isa = XCVersionGroup;
			children = (
				3EA0122C2E0A585C00EF978E /* Focus_Flow.xcdatamodel */,
			);
			currentVersion = 3EA0122C2E0A585C00EF978E /* Focus_Flow.xcdatamodel */;
			path = Focus_Flow.xcdatamodeld;
			sourceTree = "<group>";
			versionGroupType = wrapper.xcdatamodel;
		};
		3EA012832E0A586600EF978E /* Focus_Flow.xcdatamodeld */ = {
			isa = XCVersionGroup;
			children = (
				3EA012852E0A586600EF978E /* Focus_Flow.xcdatamodel */,
			);
			currentVersion = 3EA012852E0A586600EF978E /* Focus_Flow.xcdatamodel */;
			path = Focus_Flow.xcdatamodeld;
			sourceTree = "<group>";
			versionGroupType = wrapper.xcdatamodel;
		};
/* End XCVersionGroup section */
	};
	rootObject = 3EB61F952D74D2C200B69DB7 /* Project object */;
}
