// !$*UTF8*$!
{
	archiveVersion = 1;
	classes = {
	};
	objectVersion = 77;
	objects = {

/* Begin PBXContainerItemProxy section */
		3EB61FB42D74D2C600B69DB7 /* PBXContainerItemProxy */ = {
			isa = PBXContainerItemProxy;
			containerPortal = 3EB61F952D74D2C200B69DB7 /* Project object */;
			proxyType = 1;
			remoteGlobalIDString = 3EB61F9C2D74D2C200B69DB7;
			remoteInfo = "Focus Flow";
		};
		3EB61FBE2D74D2C600B69DB7 /* PBXContainerItemProxy */ = {
			isa = PBXContainerItemProxy;
			containerPortal = 3EB61F952D74D2C200B69DB7 /* Project object */;
			proxyType = 1;
			remoteGlobalIDString = 3EB61F9C2D74D2C200B69DB7;
			remoteInfo = "Focus Flow";
		};
/* End PBXContainerItemProxy section */

/* Begin PBXFileReference section */
		3EB61F9D2D74D2C200B69DB7 /* Focus Flow.app */ = {isa = PBXFileReference; explicitFileType = wrapper.application; includeInIndex = 0; path = "Focus Flow.app"; sourceTree = BUILT_PRODUCTS_DIR; };
		3EB61FB32D74D2C600B69DB7 /* Focus FlowTests.xctest */ = {isa = PBXFileReference; explicitFileType = wrapper.cfbundle; includeInIndex = 0; path = "Focus FlowTests.xctest"; sourceTree = BUILT_PRODUCTS_DIR; };
		3EB61FBD2D74D2C600B69DB7 /* Focus FlowUITests.xctest */ = {isa = PBXFileReference; explicitFileType = wrapper.cfbundle; includeInIndex = 0; path = "Focus FlowUITests.xctest"; sourceTree = BUILT_PRODUCTS_DIR; };
/* End PBXFileReference section */

/* Begin PBXFileSystemSynchronizedRootGroup section */
		3EB61F9F2D74D2C200B69DB7 /* Focus Flow */ = {
			isa = PBXFileSystemSynchronizedRootGroup;
			path = "Focus Flow";
			sourceTree = "<group>";
		};
		3EB61FB62D74D2C600B69DB7 /* Focus FlowTests */ = {
			isa = PBXFileSystemSynchronizedRootGroup;
			path = "Focus FlowTests";
			sourceTree = "<group>";
		};
		3EB61FC02D74D2C600B69DB7 /* Focus FlowUITests */ = {
			isa = PBXFileSystemSynchronizedRootGroup;
			path = "Focus FlowUITests";
			sourceTree = "<group>";
		};
/* End PBXFileSystemSynchronizedRootGroup section */

/* Begin PBXFrameworksBuildPhase section */
		3EB61F9A2D74D2C200B69DB7 /* Frameworks */ = {
			isa = PBXFrameworksBuildPhase;
			buildActionMask = 2147483647;
			files = (
			);
			runOnlyForDeploymentPostprocessing = 0;
		};
		3EB61FB02D74D2C600B69DB7 /* Frameworks */ = {
			isa = PBXFrameworksBuildPhase;
			buildActionMask = 2147483647;
			files = (
			);
			runOnlyForDeploymentPostprocessing = 0;
		};
		3EB61FBA2D74D2C600B69DB7 /* Frameworks */ = {
			isa = PBXFrameworksBuildPhase;
			buildActionMask = 2147483647;
			files = (
			);
			runOnlyForDeploymentPostprocessing = 0;
		};
/* End PBXFrameworksBuildPhase section */

/* Begin PBXGroup section */
		3EB61F942D74D2C200B69DB7 = {
			isa = PBXGroup;
			children = (
				3EB61F9F2D74D2C200B69DB7 /* Focus Flow */,
				3EB61FB62D74D2C600B69DB7 /* Focus FlowTests */,
				3EB61FC02D74D2C600B69DB7 /* Focus FlowUITests */,
				3EB61F9E2D74D2C200B69DB7 /* Products */,
			);
			sourceTree = "<group>";
		};
		3EB61F9E2D74D2C200B69DB7 /* Products */ = {
			isa = PBXGroup;
			children = (
				3EB61F9D2D74D2C200B69DB7 /* Focus Flow.app */,
				3EB61FB32D74D2C600B69DB7 /* Focus FlowTests.xctest */,
				3EB61FBD2D74D2C600B69DB7 /* Focus FlowUITests.xctest */,
			);
			name = Products;
			sourceTree = "<group>";
		};
/* End PBXGroup section */

/* Begin PBXNativeTarget section */
		3EB61F9C2D74D2C200B69DB7 /* Focus Flow */ = {
			isa = PBXNativeTarget;
			buildConfigurationList = 3EB61FC72D74D2C600B69DB7 /* Build configuration list for PBXNativeTarget "Focus Flow" */;
			buildPhases = (
				3EB61F992D74D2C200B69DB7 /* Sources */,
				3EB61F9A2D74D2C200B69DB7 /* Frameworks */,
				3EB61F9B2D74D2C200B69DB7 /* Resources */,
			);
			buildRules = (
			);
			dependencies = (
			);
			fileSystemSynchronizedGroups = (
				3EB61F9F2D74D2C200B69DB7 /* Focus Flow */,
			);
			name = "Focus Flow";
			packageProductDependencies = (
			);
			productName = "Focus Flow";
			productReference = 3EB61F9D2D74D2C200B69DB7 /* Focus Flow.app */;
			productType = "com.apple.product-type.application";
		};
		3EB61FB22D74D2C600B69DB7 /* Focus FlowTests */ = {
			isa = PBXNativeTarget;
			buildConfigurationList = 3EB61FCA2D74D2C600B69DB7 /* Build configuration list for PBXNativeTarget "Focus FlowTests" */;
			buildPhases = (
				3EB61FAF2D74D2C600B69DB7 /* Sources */,
				3EB61FB02D74D2C600B69DB7 /* Frameworks */,
				3EB61FB12D74D2C600B69DB7 /* Resources */,
			);
			buildRules = (
			);
			dependencies = (
				3EB61FB52D74D2C600B69DB7 /* PBXTargetDependency */,
			);
			fileSystemSynchronizedGroups = (
				3EB61FB62D74D2C600B69DB7 /* Focus FlowTests */,
			);
			name = "Focus FlowTests";
			packageProductDependencies = (
			);
			productName = "Focus FlowTests";
			productReference = 3EB61FB32D74D2C600B69DB7 /* Focus FlowTests.xctest */;
			productType = "com.apple.product-type.bundle.unit-test";
		};
		3EB61FBC2D74D2C600B69DB7 /* Focus FlowUITests */ = {
			isa = PBXNativeTarget;
			buildConfigurationList = 3EB61FCD2D74D2C600B69DB7 /* Build configuration list for PBXNativeTarget "Focus FlowUITests" */;
			buildPhases = (
				3EB61FB92D74D2C600B69DB7 /* Sources */,
				3EB61FBA2D74D2C600B69DB7 /* Frameworks */,
				3EB61FBB2D74D2C600B69DB7 /* Resources */,
			);
			buildRules = (
			);
			dependencies = (
				3EB61FBF2D74D2C600B69DB7 /* PBXTargetDependency */,
			);
			fileSystemSynchronizedGroups = (
				3EB61FC02D74D2C600B69DB7 /* Focus FlowUITests */,
			);
			name = "Focus FlowUITests";
			packageProductDependencies = (
			);
			productName = "Focus FlowUITests";
			productReference = 3EB61FBD2D74D2C600B69DB7 /* Focus FlowUITests.xctest */;
			productType = "com.apple.product-type.bundle.ui-testing";
		};
/* End PBXNativeTarget section */

/* Begin PBXProject section */
		3EB61F952D74D2C200B69DB7 /* Project object */ = {
			isa = PBXProject;
			attributes = {
				BuildIndependentTargetsInParallel = 1;
				LastSwiftUpdateCheck = 1620;
				LastUpgradeCheck = 1620;
				TargetAttributes = {
					3EB61F9C2D74D2C200B69DB7 = {
						CreatedOnToolsVersion = 16.2;
					};
					3EB61FB22D74D2C600B69DB7 = {
						CreatedOnToolsVersion = 16.2;
						TestTargetID = 3EB61F9C2D74D2C200B69DB7;
					};
					3EB61FBC2D74D2C600B69DB7 = {
						CreatedOnToolsVersion = 16.2;
						TestTargetID = 3EB61F9C2D74D2C200B69DB7;
					};
				};
			};
			buildConfigurationList = 3EB61F982D74D2C200B69DB7 /* Build configuration list for PBXProject "Focus Flow" */;
			developmentRegion = en;
			hasScannedForEncodings = 0;
			knownRegions = (
				en,
				Base,
			);
			mainGroup = 3EB61F942D74D2C200B69DB7;
			minimizedProjectReferenceProxies = 1;
			preferredProjectObjectVersion = 77;
			productRefGroup = 3EB61F9E2D74D2C200B69DB7 /* Products */;
			projectDirPath = "";
			projectRoot = "";
			targets = (
				3EB61F9C2D74D2C200B69DB7 /* Focus Flow */,
				3EB61FB22D74D2C600B69DB7 /* Focus FlowTests */,
				3EB61FBC2D74D2C600B69DB7 /* Focus FlowUITests */,
			);
		};
/* End PBXProject section */

/* Begin PBXResourcesBuildPhase section */
		3EB61F9B2D74D2C200B69DB7 /* Resources */ = {
			isa = PBXResourcesBuildPhase;
			buildActionMask = 2147483647;
			files = (
			);
			runOnlyForDeploymentPostprocessing = 0;
		};
		3EB61FB12D74D2C600B69DB7 /* Resources */ = {
			isa = PBXResourcesBuildPhase;
			buildActionMask = 2147483647;
			files = (
			);
			runOnlyForDeploymentPostprocessing = 0;
		};
		3EB61FBB2D74D2C600B69DB7 /* Resources */ = {
			isa = PBXResourcesBuildPhase;
			buildActionMask = 2147483647;
			files = (
			);
			runOnlyForDeploymentPostprocessing = 0;
		};
/* End PBXResourcesBuildPhase section */

/* Begin PBXSourcesBuildPhase section */
		3EB61F992D74D2C200B69DB7 /* Sources */ = {
			isa = PBXSourcesBuildPhase;
			buildActionMask = 2147483647;
			files = (
			);
			runOnlyForDeploymentPostprocessing = 0;
		};
		3EB61FAF2D74D2C600B69DB7 /* Sources */ = {
			isa = PBXSourcesBuildPhase;
			buildActionMask = 2147483647;
			files = (
			);
			runOnlyForDeploymentPostprocessing = 0;
		};
		3EB61FB92D74D2C600B69DB7 /* Sources */ = {
			isa = PBXSourcesBuildPhase;
			buildActionMask = 2147483647;
			files = (
			);
			runOnlyForDeploymentPostprocessing = 0;
		};
/* End PBXSourcesBuildPhase section */

/* Begin PBXTargetDependency section */
		3EB61FB52D74D2C600B69DB7 /* PBXTargetDependency */ = {
			isa = PBXTargetDependency;
			target = 3EB61F9C2D74D2C200B69DB7 /* Focus Flow */;
			targetProxy = 3EB61FB42D74D2C600B69DB7 /* PBXContainerItemProxy */;
		};
		3EB61FBF2D74D2C600B69DB7 /* PBXTargetDependency */ = {
			isa = PBXTargetDependency;
			target = 3EB61F9C2D74D2C200B69DB7 /* Focus Flow */;
			targetProxy = 3EB61FBE2D74D2C600B69DB7 /* PBXContainerItemProxy */;
		};
/* End PBXTargetDependency section */

/* Begin XCBuildConfiguration section */
		3EB61FC52D74D2C600B69DB7 /* Debug */ = {
			isa = XCBuildConfiguration;
			buildSettings = {
				ALWAYS_SEARCH_USER_PATHS = NO;
				ASSETCATALOG_COMPILER_GENERATE_SWIFT_ASSET_SYMBOL_EXTENSIONS = YES;
				CLANG_ANALYZER_NONNULL = YES;
				CLANG_ANALYZER_NUMBER_OBJECT_CONVERSION = YES_AGGRESSIVE;
				CLANG_CXX_LANGUAGE_STANDARD = "gnu++20";
				CLANG_ENABLE_MODULES = YES;
				CLANG_ENABLE_OBJC_ARC = YES;
				CLANG_ENABLE_OBJC_WEAK = YES;
				CLANG_WARN_BLOCK_CAPTURE_AUTORELEASING = YES;
				CLANG_WARN_BOOL_CONVERSION = YES;
				CLANG_WARN_COMMA = YES;
				CLANG_WARN_CONSTANT_CONVERSION = YES;
				CLANG_WARN_DEPRECATED_OBJC_IMPLEMENTATIONS = YES;
				CLANG_WARN_DIRECT_OBJC_ISA_USAGE = YES_ERROR;
				CLANG_WARN_DOCUMENTATION_COMMENTS = YES;
				CLANG_WARN_EMPTY_BODY = YES;
				CLANG_WARN_ENUM_CONVERSION = YES;
				CLANG_WARN_INFINITE_RECURSION = YES;
				CLANG_WARN_INT_CONVERSION = YES;
				CLANG_WARN_NON_LITERAL_NULL_CONVERSION = YES;
				CLANG_WARN_OBJC_IMPLICIT_RETAIN_SELF = YES;
				CLANG_WARN_OBJC_LITERAL_CONVERSION = YES;
				CLANG_WARN_OBJC_ROOT_CLASS = YES_ERROR;
				CLANG_WARN_QUOTED_INCLUDE_IN_FRAMEWORK_HEADER = YES;
				CLANG_WARN_RANGE_LOOP_ANALYSIS = YES;
				CLANG_WARN_STRICT_PROTOTYPES = YES;
				CLANG_WARN_SUSPICIOUS_MOVE = YES;
				CLANG_WARN_UNGUARDED_AVAILABILITY = YES_AGGRESSIVE;
				CLANG_WARN_UNREACHABLE_CODE = YES;
				CLANG_WARN__DUPLICATE_METHOD_MATCH = YES;
				COPY_PHASE_STRIP = NO;
				DEBUG_INFORMATION_FORMAT = dwarf;
				ENABLE_STRICT_OBJC_MSGSEND = YES;
				ENABLE_TESTABILITY = YES;
				ENABLE_USER_SCRIPT_SANDBOXING = YES;
				GCC_C_LANGUAGE_STANDARD = gnu17;
				GCC_DYNAMIC_NO_PIC = NO;
				GCC_NO_COMMON_BLOCKS = YES;
				GCC_OPTIMIZATION_LEVEL = 0;
				GCC_PREPROCESSOR_DEFINITIONS = (
					"DEBUG=1",
					"$(inherited)",
				);
				GCC_WARN_64_TO_32_BIT_CONVERSION = YES;
				GCC_WARN_ABOUT_RETURN_TYPE = YES_ERROR;
				GCC_WARN_UNDECLARED_SELECTOR = YES;
				GCC_WARN_UNINITIALIZED_AUTOS = YES_AGGRESSIVE;
				GCC_WARN_UNUSED_FUNCTION = YES;
				GCC_WARN_UNUSED_VARIABLE = YES;
				LOCALIZATION_PREFERS_STRING_CATALOGS = YES;
				MACOSX_DEPLOYMENT_TARGET = 14.5;
				MTL_ENABLE_DEBUG_INFO = INCLUDE_SOURCE;
				MTL_FAST_MATH = YES;
				ONLY_ACTIVE_ARCH = YES;
				SDKROOT = macosx;
				SWIFT_ACTIVE_COMPILATION_CONDITIONS = "DEBUG $(inherited)";
				SWIFT_OPTIMIZATION_LEVEL = "-Onone";
			};
			name = Debug;
		};
		3EB61FC62D74D2C600B69DB7 /* Release */ = {
			isa = XCBuildConfiguration;
			buildSettings = {
				ALWAYS_SEARCH_USER_PATHS = NO;
				ASSETCATALOG_COMPILER_GENERATE_SWIFT_ASSET_SYMBOL_EXTENSIONS = YES;
				CLANG_ANALYZER_NONNULL = YES;
				CLANG_ANALYZER_NUMBER_OBJECT_CONVERSION = YES_AGGRESSIVE;
				CLANG_CXX_LANGUAGE_STANDARD = "gnu++20";
				CLANG_ENABLE_MODULES = YES;
				CLANG_ENABLE_OBJC_ARC = YES;
				CLANG_ENABLE_OBJC_WEAK = YES;
				CLANG_WARN_BLOCK_CAPTURE_AUTORELEASING = YES;
				CLANG_WARN_BOOL_CONVERSION = YES;
				CLANG_WARN_COMMA = YES;
				CLANG_WARN_CONSTANT_CONVERSION = YES;
				CLANG_WARN_DEPRECATED_OBJC_IMPLEMENTATIONS = YES;
				CLANG_WARN_DIRECT_OBJC_ISA_USAGE = YES_ERROR;
				CLANG_WARN_DOCUMENTATION_COMMENTS = YES;
				CLANG_WARN_EMPTY_BODY = YES;
				CLANG_WARN_ENUM_CONVERSION = YES;
				CLANG_WARN_INFINITE_RECURSION = YES;
				CLANG_WARN_INT_CONVERSION = YES;
				CLANG_WARN_NON_LITERAL_NULL_CONVERSION = YES;
				CLANG_WARN_OBJC_IMPLICIT_RETAIN_SELF = YES;
				CLANG_WARN_OBJC_LITERAL_CONVERSION = YES;
				CLANG_WARN_OBJC_ROOT_CLASS = YES_ERROR;
				CLANG_WARN_QUOTED_INCLUDE_IN_FRAMEWORK_HEADER = YES;
				CLANG_WARN_RANGE_LOOP_ANALYSIS = YES;
				CLANG_WARN_STRICT_PROTOTYPES = YES;
				CLANG_WARN_SUSPICIOUS_MOVE = YES;
				CLANG_WARN_UNGUARDED_AVAILABILITY = YES_AGGRESSIVE;
				CLANG_WARN_UNREACHABLE_CODE = YES;
				CLANG_WARN__DUPLICATE_METHOD_MATCH = YES;
				COPY_PHASE_STRIP = NO;
				DEBUG_INFORMATION_FORMAT = "dwarf-with-dsym";
				ENABLE_NS_ASSERTIONS = NO;
				ENABLE_STRICT_OBJC_MSGSEND = YES;
				ENABLE_USER_SCRIPT_SANDBOXING = YES;
				GCC_C_LANGUAGE_STANDARD = gnu17;
				GCC_NO_COMMON_BLOCKS = YES;
				GCC_WARN_64_TO_32_BIT_CONVERSION = YES;
				GCC_WARN_ABOUT_RETURN_TYPE = YES_ERROR;
				GCC_WARN_UNDECLARED_SELECTOR = YES;
				GCC_WARN_UNINITIALIZED_AUTOS = YES_AGGRESSIVE;
				GCC_WARN_UNUSED_FUNCTION = YES;
				GCC_WARN_UNUSED_VARIABLE = YES;
				LOCALIZATION_PREFERS_STRING_CATALOGS = YES;
				MACOSX_DEPLOYMENT_TARGET = 14.5;
				MTL_ENABLE_DEBUG_INFO = NO;
				MTL_FAST_MATH = YES;
				SDKROOT = macosx;
				SWIFT_COMPILATION_MODE = wholemodule;
			};
			name = Release;
		};
		3EB61FC82D74D2C600B69DB7 /* Debug */ = {
			isa = XCBuildConfiguration;
			buildSettings = {
				ASSETCATALOG_COMPILER_APPICON_NAME = AppIcon;
				ASSETCATALOG_COMPILER_GLOBAL_ACCENT_COLOR_NAME = AccentColor;
				CODE_SIGN_ENTITLEMENTS = "Focus Flow/Focus_Flow.entitlements";
				CODE_SIGN_STYLE = Automatic;
				COMBINE_HIDPI_IMAGES = YES;
				CURRENT_PROJECT_VERSION = 1;
				DEVELOPMENT_ASSET_PATHS = "\"Focus Flow/Preview Content\"";
				DEVELOPMENT_TEAM = KUXA576FBM;
				ENABLE_HARDENED_RUNTIME = YES;
				ENABLE_PREVIEWS = YES;
				GENERATE_INFOPLIST_FILE = YES;
				INFOPLIST_FILE = "Focus-Flow-Info.plist";
				INFOPLIST_KEY_NSHumanReadableCopyright = "";
				LD_RUNPATH_SEARCH_PATHS = (
					"$(inherited)",
					"@executable_path/../Frameworks",
				);
				MARKETING_VERSION = 1.0;
				PRODUCT_BUNDLE_IDENTIFIER = "com.tobiasfu.Focus-Flow";
				PRODUCT_NAME = "$(TARGET_NAME)";
				SUPPORTED_PLATFORMS = "iphoneos iphonesimulator macosx";
				SUPPORTS_MACCATALYST = NO;
				SWIFT_EMIT_LOC_STRINGS = YES;
				SWIFT_VERSION = 5.0;
				TARGETED_DEVICE_FAMILY = 1;
			};
			name = Debug;
		};
		3EB61FC92D74D2C600B69DB7 /* Release */ = {
			isa = XCBuildConfiguration;
			buildSettings = {
				ASSETCATALOG_COMPILER_APPICON_NAME = AppIcon;
				ASSETCATALOG_COMPILER_GLOBAL_ACCENT_COLOR_NAME = AccentColor;
				CODE_SIGN_ENTITLEMENTS = "Focus Flow/Focus_Flow.entitlements";
				CODE_SIGN_STYLE = Automatic;
				COMBINE_HIDPI_IMAGES = YES;
				CURRENT_PROJECT_VERSION = 1;
				DEVELOPMENT_ASSET_PATHS = "\"Focus Flow/Preview Content\"";
				DEVELOPMENT_TEAM = KUXA576FBM;
				ENABLE_HARDENED_RUNTIME = YES;
				ENABLE_PREVIEWS = YES;
				GENERATE_INFOPLIST_FILE = YES;
				INFOPLIST_FILE = "Focus-Flow-Info.plist";
				INFOPLIST_KEY_NSHumanReadableCopyright = "";
				LD_RUNPATH_SEARCH_PATHS = (
					"$(inherited)",
					"@executable_path/../Frameworks",
				);
				MARKETING_VERSION = 1.0;
				PRODUCT_BUNDLE_IDENTIFIER = "com.tobiasfu.Focus-Flow";
				PRODUCT_NAME = "$(TARGET_NAME)";
				SUPPORTED_PLATFORMS = "iphoneos iphonesimulator macosx";
				SUPPORTS_MACCATALYST = NO;
				SWIFT_EMIT_LOC_STRINGS = YES;
				SWIFT_VERSION = 5.0;
				TARGETED_DEVICE_FAMILY = 1;
			};
			name = Release;
		};
		3EB61FCB2D74D2C600B69DB7 /* Debug */ = {
			isa = XCBuildConfiguration;
			buildSettings = {
				BUNDLE_LOADER = "$(TEST_HOST)";
				CODE_SIGN_STYLE = Automatic;
				CURRENT_PROJECT_VERSION = 1;
				DEVELOPMENT_TEAM = KUXA576FBM;
				GENERATE_INFOPLIST_FILE = YES;
				MACOSX_DEPLOYMENT_TARGET = 14.5;
				MARKETING_VERSION = 1.0;
				PRODUCT_BUNDLE_IDENTIFIER = "com.tobiasfu.Focus-FlowTests";
				PRODUCT_NAME = "$(TARGET_NAME)";
				SWIFT_EMIT_LOC_STRINGS = NO;
				SWIFT_VERSION = 5.0;
				TEST_HOST = "$(BUILT_PRODUCTS_DIR)/Focus Flow.app/$(BUNDLE_EXECUTABLE_FOLDER_PATH)/Focus Flow";
			};
			name = Debug;
		};
		3EB61FCC2D74D2C600B69DB7 /* Release */ = {
			isa = XCBuildConfiguration;
			buildSettings = {
				BUNDLE_LOADER = "$(TEST_HOST)";
				CODE_SIGN_STYLE = Automatic;
				CURRENT_PROJECT_VERSION = 1;
				DEVELOPMENT_TEAM = KUXA576FBM;
				GENERATE_INFOPLIST_FILE = YES;
				MACOSX_DEPLOYMENT_TARGET = 14.5;
				MARKETING_VERSION = 1.0;
				PRODUCT_BUNDLE_IDENTIFIER = "com.tobiasfu.Focus-FlowTests";
				PRODUCT_NAME = "$(TARGET_NAME)";
				SWIFT_EMIT_LOC_STRINGS = NO;
				SWIFT_VERSION = 5.0;
				TEST_HOST = "$(BUILT_PRODUCTS_DIR)/Focus Flow.app/$(BUNDLE_EXECUTABLE_FOLDER_PATH)/Focus Flow";
			};
			name = Release;
		};
		3EB61FCE2D74D2C600B69DB7 /* Debug */ = {
			isa = XCBuildConfiguration;
			buildSettings = {
				CODE_SIGN_STYLE = Automatic;
				CURRENT_PROJECT_VERSION = 1;
				DEVELOPMENT_TEAM = KUXA576FBM;
				GENERATE_INFOPLIST_FILE = YES;
				MARKETING_VERSION = 1.0;
				PRODUCT_BUNDLE_IDENTIFIER = "com.tobiasfu.Focus-FlowUITests";
				PRODUCT_NAME = "$(TARGET_NAME)";
				SWIFT_EMIT_LOC_STRINGS = NO;
				SWIFT_VERSION = 5.0;
				TEST_TARGET_NAME = "Focus Flow";
			};
			name = Debug;
		};
		3EB61FCF2D74D2C600B69DB7 /* Release */ = {
			isa = XCBuildConfiguration;
			buildSettings = {
				CODE_SIGN_STYLE = Automatic;
				CURRENT_PROJECT_VERSION = 1;
				DEVELOPMENT_TEAM = KUXA576FBM;
				GENERATE_INFOPLIST_FILE = YES;
				MARKETING_VERSION = 1.0;
				PRODUCT_BUNDLE_IDENTIFIER = "com.tobiasfu.Focus-FlowUITests";
				PRODUCT_NAME = "$(TARGET_NAME)";
				SWIFT_EMIT_LOC_STRINGS = NO;
				SWIFT_VERSION = 5.0;
				TEST_TARGET_NAME = "Focus Flow";
			};
			name = Release;
		};
/* End XCBuildConfiguration section */

/* Begin XCConfigurationList section */
		3EB61F982D74D2C200B69DB7 /* Build configuration list for PBXProject "Focus Flow" */ = {
			isa = XCConfigurationList;
			buildConfigurations = (
				3EB61FC52D74D2C600B69DB7 /* Debug */,
				3EB61FC62D74D2C600B69DB7 /* Release */,
			);
			defaultConfigurationIsVisible = 0;
			defaultConfigurationName = Release;
		};
		3EB61FC72D74D2C600B69DB7 /* Build configuration list for PBXNativeTarget "Focus Flow" */ = {
			isa = XCConfigurationList;
			buildConfigurations = (
				3EB61FC82D74D2C600B69DB7 /* Debug */,
				3EB61FC92D74D2C600B69DB7 /* Release */,
			);
			defaultConfigurationIsVisible = 0;
			defaultConfigurationName = Release;
		};
		3EB61FCA2D74D2C600B69DB7 /* Build configuration list for PBXNativeTarget "Focus FlowTests" */ = {
			isa = XCConfigurationList;
			buildConfigurations = (
				3EB61FCB2D74D2C600B69DB7 /* Debug */,
				3EB61FCC2D74D2C600B69DB7 /* Release */,
			);
			defaultConfigurationIsVisible = 0;
			defaultConfigurationName = Release;
		};
		3EB61FCD2D74D2C600B69DB7 /* Build configuration list for PBXNativeTarget "Focus FlowUITests" */ = {
			isa = XCConfigurationList;
			buildConfigurations = (
				3EB61FCE2D74D2C600B69DB7 /* Debug */,
				3EB61FCF2D74D2C600B69DB7 /* Release */,
			);
			defaultConfigurationIsVisible = 0;
			defaultConfigurationName = Release;
		};
/* End XCConfigurationList section */
	};
	rootObject = 3EB61F952D74D2C200B69DB7 /* Project object */;
}
