// !$*UTF8*$!
{
	archiveVersion = 1;
	classes = {
	};
	objectVersion = 77;
	objects = {

/* Begin PBXBuildFile section */
		3E376BD12E106C0F004C0E81 /* Focus_FlowApp.swift in Sources */ = {isa = PBXBuildFile; fileRef = 3E376BAB2E106C0F004C0E81 /* Focus_FlowApp.swift */; };
		3E376BD52E106C0F004C0E81 /* NetworkBlockingService.swift in Sources */ = {isa = PBXBuildFile; fileRef = 3E376BAC2E106C0F004C0E81 /* NetworkBlockingService.swift */; };
		3E376BDA2E106C0F004C0E81 /* ProductivityGardenManager.swift in Sources */ = {isa = PBXBuildFile; fileRef = 3E376BAF2E106C0F004C0E81 /* ProductivityGardenManager.swift */; };
		3E376BDB2E106C0F004C0E81 /* FocusWidget.swift in Sources */ = {isa = PBXBuildFile; fileRef = 3E376BC82E106C0F004C0E81 /* FocusWidget.swift */; };
		3E376BDC2E106C0F004C0E81 /* Persistence.swift in Sources */ = {isa = PBXBuildFile; fileRef = 3E376BAD2E106C0F004C0E81 /* Persistence.swift */; };
		3E376BDF2E106C0F004C0E81 /* EnvironmentalThemeManager.swift in Sources */ = {isa = PBXBuildFile; fileRef = 3E376BAA2E106C0F004C0E81 /* EnvironmentalThemeManager.swift */; };
		3E376BE12E106C0F004C0E81 /* PremiumStore.swift in Sources */ = {isa = PBXBuildFile; fileRef = 3E376BAE2E106C0F004C0E81 /* PremiumStore.swift */; };
		3E376BE32E106C0F004C0E81 /* StatisticsManager.swift in Sources */ = {isa = PBXBuildFile; fileRef = 3E376BB12E106C0F004C0E81 /* StatisticsManager.swift */; };
		3E376BE52E106C0F004C0E81 /* ScreenTimeManager.swift in Sources */ = {isa = PBXBuildFile; fileRef = 3E376BB02E106C0F004C0E81 /* ScreenTimeManager.swift */; };
		3E376BE92E106C0F004C0E81 /* AmbientSoundManager.swift in Sources */ = {isa = PBXBuildFile; fileRef = 3E376BA82E106C0F004C0E81 /* AmbientSoundManager.swift */; };
		3E376BEA2E106C0F004C0E81 /* AISessionRecommender.swift in Sources */ = {isa = PBXBuildFile; fileRef = 3E376BA72E106C0F004C0E81 /* AISessionRecommender.swift */; };
		3E71519F2E76DB80008DBDC1 /* AppBlockingManager.swift in Sources */ = {isa = PBXBuildFile; fileRef = 3E71519E2E76DB80008DBDC1 /* AppBlockingManager.swift */; };
		3E7151A12E76DE7B008DBDC1 /* AppBlockingSettingsView.swift in Sources */ = {isa = PBXBuildFile; fileRef = 3E7151A02E76DE7B008DBDC1 /* AppBlockingSettingsView.swift */; };
		3E90C81C2E7617B1003B7D48 /* AppTheme.swift in Sources */ = {isa = PBXBuildFile; fileRef = 3E90C81B2E7617B1003B7D48 /* AppTheme.swift */; };
		3E90C81E2E7617BC003B7D48 /* EnvironmentalTheme.swift in Sources */ = {isa = PBXBuildFile; fileRef = 3E90C81D2E7617BC003B7D48 /* EnvironmentalTheme.swift */; };
		3E90C82D2E76183E003B7D48 /* StatisticsManager.swift in Sources */ = {isa = PBXBuildFile; fileRef = 3E90C82C2E76183E003B7D48 /* StatisticsManager.swift */; };
		3E90C82F2E761843003B7D48 /* ScreenTimeManager.swift in Sources */ = {isa = PBXBuildFile; fileRef = 3E90C82E2E761843003B7D48 /* ScreenTimeManager.swift */; };
		3E90C8332E761856003B7D48 /* ProductivityGardenManager.swift in Sources */ = {isa = PBXBuildFile; fileRef = 3E90C8322E761856003B7D48 /* ProductivityGardenManager.swift */; };
		3E90C8342E761856003B7D48 /* PremiumStore.swift in Sources */ = {isa = PBXBuildFile; fileRef = 3E90C8312E761856003B7D48 /* PremiumStore.swift */; };
		3E90C8352E761856003B7D48 /* Persistence.swift in Sources */ = {isa = PBXBuildFile; fileRef = 3E90C8302E761856003B7D48 /* Persistence.swift */; };
		3E90C8382E761873003B7D48 /* AmbientSoundManager.swift in Sources */ = {isa = PBXBuildFile; fileRef = 3E90C8362E761873003B7D48 /* AmbientSoundManager.swift */; };
		3E90C8392E761873003B7D48 /* EnvironmentalThemeManager.swift in Sources */ = {isa = PBXBuildFile; fileRef = 3E90C8372E761873003B7D48 /* EnvironmentalThemeManager.swift */; };
		3E90C83C2E761892003B7D48 /* TaskViewModel.swift in Sources */ = {isa = PBXBuildFile; fileRef = 3E90C83B2E761892003B7D48 /* TaskViewModel.swift */; };
		3E90C8402E7618BF003B7D48 /* Focus_Flow.xcdatamodeld in Sources */ = {isa = PBXBuildFile; fileRef = 3E90C83F2E7618BF003B7D48 /* Focus_Flow.xcdatamodeld */; };
		3E90C9002E7619E8003B7D48 /* DesignSystem.swift in Sources */ = {isa = PBXBuildFile; fileRef = 3E90C8FF2E7619E8003B7D48 /* DesignSystem.swift */; };
		3E90C9022E7619F2003B7D48 /* StatisticCard.swift in Sources */ = {isa = PBXBuildFile; fileRef = 3E90C9012E7619F2003B7D48 /* StatisticCard.swift */; };
		3E90C9042E761A0E003B7D48 /* ThemeSettingsView.swift in Sources */ = {isa = PBXBuildFile; fileRef = 3E90C9032E761A0E003B7D48 /* ThemeSettingsView.swift */; };
		3E90C9062E761A1B003B7D48 /* TabBarButton.swift in Sources */ = {isa = PBXBuildFile; fileRef = 3E90C9052E761A1B003B7D48 /* TabBarButton.swift */; };
		3E90C9082E761A22003B7D48 /* WeeklyProgressChart.swift in Sources */ = {isa = PBXBuildFile; fileRef = 3E90C9072E761A22003B7D48 /* WeeklyProgressChart.swift */; };
		3E90C90A2E761A48003B7D48 /* AddTaskView.swift in Sources */ = {isa = PBXBuildFile; fileRef = 3E90C9092E761A48003B7D48 /* AddTaskView.swift */; };
		3E90C90C2E761A50003B7D48 /* ContentView.swift in Sources */ = {isa = PBXBuildFile; fileRef = 3E90C90B2E761A50003B7D48 /* ContentView.swift */; };
		3E90C90E2E761A58003B7D48 /* EnvironmentalBackground.swift in Sources */ = {isa = PBXBuildFile; fileRef = 3E90C90D2E761A58003B7D48 /* EnvironmentalBackground.swift */; };
		3E90C9102E761A5F003B7D48 /* HomeView.swift in Sources */ = {isa = PBXBuildFile; fileRef = 3E90C90F2E761A5F003B7D48 /* HomeView.swift */; };
		3E90C9122E761A67003B7D48 /* Onboarding.swift in Sources */ = {isa = PBXBuildFile; fileRef = 3E90C9112E761A67003B7D48 /* Onboarding.swift */; };
		3E90C9142E761A72003B7D48 /* ParticleEffectView.swift in Sources */ = {isa = PBXBuildFile; fileRef = 3E90C9132E761A72003B7D48 /* ParticleEffectView.swift */; };
		3E90C9162E761A80003B7D48 /* ProductivityGardenView.swift in Sources */ = {isa = PBXBuildFile; fileRef = 3E90C9152E761A80003B7D48 /* ProductivityGardenView.swift */; };
		3E90C9182E761A8A003B7D48 /* SettingsView.swift in Sources */ = {isa = PBXBuildFile; fileRef = 3E90C9172E761A8A003B7D48 /* SettingsView.swift */; };
		3E90C91A2E761A91003B7D48 /* TimerView.swift in Sources */ = {isa = PBXBuildFile; fileRef = 3E90C9192E761A91003B7D48 /* TimerView.swift */; };
		3E90C91C2E761AAD003B7D48 /* Assets.xcassets in Resources */ = {isa = PBXBuildFile; fileRef = 3E90C91B2E761AAD003B7D48 /* Assets.xcassets */; };
		3E90C9322E76AAD4003B7D48 /* FloatingClouds.swift in Sources */ = {isa = PBXBuildFile; fileRef = 3E90C9312E76AAD4003B7D48 /* FloatingClouds.swift */; };
		3E90C9342E76AAE7003B7D48 /* MoonPhase.swift in Sources */ = {isa = PBXBuildFile; fileRef = 3E90C9332E76AAE7003B7D48 /* MoonPhase.swift */; };
		3E90C9362E76AAF8003B7D48 /* EnhancedStatCard.swift in Sources */ = {isa = PBXBuildFile; fileRef = 3E90C9352E76AAF8003B7D48 /* EnhancedStatCard.swift */; };
		3EB2F1D92E118D2E00C802A6 /* MacOSAppBlocker.swift in Sources */ = {isa = PBXBuildFile; fileRef = 3EB2F1D82E118D2E00C802A6 /* MacOSAppBlocker.swift */; };
/* End PBXBuildFile section */

/* Begin PBXContainerItemProxy section */
		3EB61FB42D74D2C600B69DB7 /* PBXContainerItemProxy */ = {
			isa = PBXContainerItemProxy;
			containerPortal = 3EB61F952D74D2C200B69DB7 /* Project object */;
			proxyType = 1;
			remoteGlobalIDString = 3EB61F9C2D74D2C200B69DB7;
			remoteInfo = "Focus Flow";
		};
		3EB61FBE2D74D2C600B69DB7 /* PBXContainerItemProxy */ = {
			isa = PBXContainerItemProxy;
			containerPortal = 3EB61F952D74D2C200B69DB7 /* Project object */;
			proxyType = 1;
			remoteGlobalIDString = 3EB61F9C2D74D2C200B69DB7;
			remoteInfo = "Focus Flow";
		};
/* End PBXContainerItemProxy section */

/* Begin PBXFileReference section */
		3E376BA72E106C0F004C0E81 /* AISessionRecommender.swift */ = {isa = PBXFileReference; lastKnownFileType = sourcecode.swift; path = AISessionRecommender.swift; sourceTree = "<group>"; };
		3E376BA82E106C0F004C0E81 /* AmbientSoundManager.swift */ = {isa = PBXFileReference; lastKnownFileType = sourcecode.swift; path = AmbientSoundManager.swift; sourceTree = "<group>"; };
		3E376BAA2E106C0F004C0E81 /* EnvironmentalThemeManager.swift */ = {isa = PBXFileReference; lastKnownFileType = sourcecode.swift; path = EnvironmentalThemeManager.swift; sourceTree = "<group>"; };
		3E376BAB2E106C0F004C0E81 /* Focus_FlowApp.swift */ = {isa = PBXFileReference; lastKnownFileType = sourcecode.swift; path = Focus_FlowApp.swift; sourceTree = "<group>"; };
		3E376BAC2E106C0F004C0E81 /* NetworkBlockingService.swift */ = {isa = PBXFileReference; lastKnownFileType = sourcecode.swift; path = NetworkBlockingService.swift; sourceTree = "<group>"; };
		3E376BAD2E106C0F004C0E81 /* Persistence.swift */ = {isa = PBXFileReference; lastKnownFileType = sourcecode.swift; path = Persistence.swift; sourceTree = "<group>"; };
		3E376BAE2E106C0F004C0E81 /* PremiumStore.swift */ = {isa = PBXFileReference; lastKnownFileType = sourcecode.swift; path = PremiumStore.swift; sourceTree = "<group>"; };
		3E376BAF2E106C0F004C0E81 /* ProductivityGardenManager.swift */ = {isa = PBXFileReference; lastKnownFileType = sourcecode.swift; path = ProductivityGardenManager.swift; sourceTree = "<group>"; };
		3E376BB02E106C0F004C0E81 /* ScreenTimeManager.swift */ = {isa = PBXFileReference; lastKnownFileType = sourcecode.swift; path = ScreenTimeManager.swift; sourceTree = "<group>"; };
		3E376BB12E106C0F004C0E81 /* StatisticsManager.swift */ = {isa = PBXFileReference; lastKnownFileType = sourcecode.swift; path = StatisticsManager.swift; sourceTree = "<group>"; };
		3E376BC82E106C0F004C0E81 /* FocusWidget.swift */ = {isa = PBXFileReference; lastKnownFileType = sourcecode.swift; path = FocusWidget.swift; sourceTree = "<group>"; };
		3E71519E2E76DB80008DBDC1 /* AppBlockingManager.swift */ = {isa = PBXFileReference; lastKnownFileType = sourcecode.swift; path = AppBlockingManager.swift; sourceTree = "<group>"; };
		3E7151A02E76DE7B008DBDC1 /* AppBlockingSettingsView.swift */ = {isa = PBXFileReference; lastKnownFileType = sourcecode.swift; path = AppBlockingSettingsView.swift; sourceTree = "<group>"; };
		3E90C81B2E7617B1003B7D48 /* AppTheme.swift */ = {isa = PBXFileReference; lastKnownFileType = sourcecode.swift; path = AppTheme.swift; sourceTree = "<group>"; };
		3E90C81D2E7617BC003B7D48 /* EnvironmentalTheme.swift */ = {isa = PBXFileReference; lastKnownFileType = sourcecode.swift; path = EnvironmentalTheme.swift; sourceTree = "<group>"; };
		3E90C82C2E76183E003B7D48 /* StatisticsManager.swift */ = {isa = PBXFileReference; lastKnownFileType = sourcecode.swift; path = StatisticsManager.swift; sourceTree = "<group>"; };
		3E90C82E2E761843003B7D48 /* ScreenTimeManager.swift */ = {isa = PBXFileReference; lastKnownFileType = sourcecode.swift; path = ScreenTimeManager.swift; sourceTree = "<group>"; };
		3E90C8302E761856003B7D48 /* Persistence.swift */ = {isa = PBXFileReference; lastKnownFileType = sourcecode.swift; path = Persistence.swift; sourceTree = "<group>"; };
		3E90C8312E761856003B7D48 /* PremiumStore.swift */ = {isa = PBXFileReference; lastKnownFileType = sourcecode.swift; path = PremiumStore.swift; sourceTree = "<group>"; };
		3E90C8322E761856003B7D48 /* ProductivityGardenManager.swift */ = {isa = PBXFileReference; lastKnownFileType = sourcecode.swift; path = ProductivityGardenManager.swift; sourceTree = "<group>"; };
		3E90C8362E761873003B7D48 /* AmbientSoundManager.swift */ = {isa = PBXFileReference; lastKnownFileType = sourcecode.swift; path = AmbientSoundManager.swift; sourceTree = "<group>"; };
		3E90C8372E761873003B7D48 /* EnvironmentalThemeManager.swift */ = {isa = PBXFileReference; lastKnownFileType = sourcecode.swift; path = EnvironmentalThemeManager.swift; sourceTree = "<group>"; };
		3E90C83B2E761892003B7D48 /* TaskViewModel.swift */ = {isa = PBXFileReference; lastKnownFileType = sourcecode.swift; path = TaskViewModel.swift; sourceTree = "<group>"; };
		3E90C8412E7618C3003B7D48 /* Focus_Flow.xcdatamodel */ = {isa = PBXFileReference; lastKnownFileType = wrapper.xcdatamodel; path = Focus_Flow.xcdatamodel; sourceTree = "<group>"; };
		3E90C8462E7618EF003B7D48 /* Focus_Flow.entitlements */ = {isa = PBXFileReference; lastKnownFileType = text.plist.entitlements; path = Focus_Flow.entitlements; sourceTree = "<group>"; };
		3E90C8FF2E7619E8003B7D48 /* DesignSystem.swift */ = {isa = PBXFileReference; lastKnownFileType = sourcecode.swift; path = DesignSystem.swift; sourceTree = "<group>"; };
		3E90C9012E7619F2003B7D48 /* StatisticCard.swift */ = {isa = PBXFileReference; lastKnownFileType = sourcecode.swift; path = StatisticCard.swift; sourceTree = "<group>"; };
		3E90C9032E761A0E003B7D48 /* ThemeSettingsView.swift */ = {isa = PBXFileReference; lastKnownFileType = sourcecode.swift; path = ThemeSettingsView.swift; sourceTree = "<group>"; };
		3E90C9052E761A1B003B7D48 /* TabBarButton.swift */ = {isa = PBXFileReference; lastKnownFileType = sourcecode.swift; path = TabBarButton.swift; sourceTree = "<group>"; };
		3E90C9072E761A22003B7D48 /* WeeklyProgressChart.swift */ = {isa = PBXFileReference; lastKnownFileType = sourcecode.swift; path = WeeklyProgressChart.swift; sourceTree = "<group>"; };
		3E90C9092E761A48003B7D48 /* AddTaskView.swift */ = {isa = PBXFileReference; lastKnownFileType = sourcecode.swift; path = AddTaskView.swift; sourceTree = "<group>"; };
		3E90C90B2E761A50003B7D48 /* ContentView.swift */ = {isa = PBXFileReference; lastKnownFileType = sourcecode.swift; path = ContentView.swift; sourceTree = "<group>"; };
		3E90C90D2E761A58003B7D48 /* EnvironmentalBackground.swift */ = {isa = PBXFileReference; lastKnownFileType = sourcecode.swift; path = EnvironmentalBackground.swift; sourceTree = "<group>"; };
		3E90C90F2E761A5F003B7D48 /* HomeView.swift */ = {isa = PBXFileReference; lastKnownFileType = sourcecode.swift; path = HomeView.swift; sourceTree = "<group>"; };
		3E90C9112E761A67003B7D48 /* Onboarding.swift */ = {isa = PBXFileReference; lastKnownFileType = sourcecode.swift; path = Onboarding.swift; sourceTree = "<group>"; };
		3E90C9132E761A72003B7D48 /* ParticleEffectView.swift */ = {isa = PBXFileReference; lastKnownFileType = sourcecode.swift; path = ParticleEffectView.swift; sourceTree = "<group>"; };
		3E90C9152E761A80003B7D48 /* ProductivityGardenView.swift */ = {isa = PBXFileReference; lastKnownFileType = sourcecode.swift; path = ProductivityGardenView.swift; sourceTree = "<group>"; };
		3E90C9172E761A8A003B7D48 /* SettingsView.swift */ = {isa = PBXFileReference; lastKnownFileType = sourcecode.swift; path = SettingsView.swift; sourceTree = "<group>"; };
		3E90C9192E761A91003B7D48 /* TimerView.swift */ = {isa = PBXFileReference; lastKnownFileType = sourcecode.swift; path = TimerView.swift; sourceTree = "<group>"; };
		3E90C91B2E761AAD003B7D48 /* Assets.xcassets */ = {isa = PBXFileReference; lastKnownFileType = folder.assetcatalog; path = Assets.xcassets; sourceTree = "<group>"; };
		3E90C9312E76AAD4003B7D48 /* FloatingClouds.swift */ = {isa = PBXFileReference; lastKnownFileType = sourcecode.swift; path = FloatingClouds.swift; sourceTree = "<group>"; };
		3E90C9332E76AAE7003B7D48 /* MoonPhase.swift */ = {isa = PBXFileReference; lastKnownFileType = sourcecode.swift; path = MoonPhase.swift; sourceTree = "<group>"; };
		3E90C9352E76AAF8003B7D48 /* EnhancedStatCard.swift */ = {isa = PBXFileReference; lastKnownFileType = sourcecode.swift; path = EnhancedStatCard.swift; sourceTree = "<group>"; };
		3EB2F1D82E118D2E00C802A6 /* MacOSAppBlocker.swift */ = {isa = PBXFileReference; lastKnownFileType = sourcecode.swift; path = MacOSAppBlocker.swift; sourceTree = "<group>"; };
		3EB61F9D2D74D2C200B69DB7 /* Focus Flow.app */ = {isa = PBXFileReference; explicitFileType = wrapper.application; includeInIndex = 0; path = "Focus Flow.app"; sourceTree = BUILT_PRODUCTS_DIR; };
		3EB61FB32D74D2C600B69DB7 /* Focus FlowTests.xctest */ = {isa = PBXFileReference; explicitFileType = wrapper.cfbundle; includeInIndex = 0; path = "Focus FlowTests.xctest"; sourceTree = BUILT_PRODUCTS_DIR; };
		3EB61FBD2D74D2C600B69DB7 /* Focus FlowUITests.xctest */ = {isa = PBXFileReference; explicitFileType = wrapper.cfbundle; includeInIndex = 0; path = "Focus FlowUITests.xctest"; sourceTree = BUILT_PRODUCTS_DIR; };
/* End PBXFileReference section */

/* Begin PBXFileSystemSynchronizedRootGroup section */
		3EB61FB62D74D2C600B69DB7 /* Focus FlowTests */ = {
			isa = PBXFileSystemSynchronizedRootGroup;
			path = "Focus FlowTests";
			sourceTree = "<group>";
		};
		3EB61FC02D74D2C600B69DB7 /* Focus FlowUITests */ = {
			isa = PBXFileSystemSynchronizedRootGroup;
			path = "Focus FlowUITests";
			sourceTree = "<group>";
		};
/* End PBXFileSystemSynchronizedRootGroup section */

/* Begin PBXFrameworksBuildPhase section */
		3EB61F9A2D74D2C200B69DB7 /* Frameworks */ = {
			isa = PBXFrameworksBuildPhase;
			buildActionMask = 2147483647;
			files = (
			);
			runOnlyForDeploymentPostprocessing = 0;
		};
		3EB61FB02D74D2C600B69DB7 /* Frameworks */ = {
			isa = PBXFrameworksBuildPhase;
			buildActionMask = 2147483647;
			files = (
			);
			runOnlyForDeploymentPostprocessing = 0;
		};
		3EB61FBA2D74D2C600B69DB7 /* Frameworks */ = {
			isa = PBXFrameworksBuildPhase;
			buildActionMask = 2147483647;
			files = (
			);
			runOnlyForDeploymentPostprocessing = 0;
		};
/* End PBXFrameworksBuildPhase section */

/* Begin PBXGroup section */
		3E376BB22E106C0F004C0E81 /* Core */ = {
			isa = PBXGroup;
			children = (
				3E71519E2E76DB80008DBDC1 /* AppBlockingManager.swift */,
				3E376BA72E106C0F004C0E81 /* AISessionRecommender.swift */,
				3E376BA82E106C0F004C0E81 /* AmbientSoundManager.swift */,
				3E376BAA2E106C0F004C0E81 /* EnvironmentalThemeManager.swift */,
				3E376BAB2E106C0F004C0E81 /* Focus_FlowApp.swift */,
				3E376BAC2E106C0F004C0E81 /* NetworkBlockingService.swift */,
				3E376BAD2E106C0F004C0E81 /* Persistence.swift */,
				3E376BAE2E106C0F004C0E81 /* PremiumStore.swift */,
				3E376BAF2E106C0F004C0E81 /* ProductivityGardenManager.swift */,
				3E376BB02E106C0F004C0E81 /* ScreenTimeManager.swift */,
				3E376BB12E106C0F004C0E81 /* StatisticsManager.swift */,
				3EB2F1D82E118D2E00C802A6 /* MacOSAppBlocker.swift */,
				3E90C82C2E76183E003B7D48 /* StatisticsManager.swift */,
				3E90C82E2E761843003B7D48 /* ScreenTimeManager.swift */,
				3E90C8302E761856003B7D48 /* Persistence.swift */,
				3E90C8312E761856003B7D48 /* PremiumStore.swift */,
				3E90C8322E761856003B7D48 /* ProductivityGardenManager.swift */,
				3E90C8362E761873003B7D48 /* AmbientSoundManager.swift */,
				3E90C8372E761873003B7D48 /* EnvironmentalThemeManager.swift */,
			);
			path = Core;
			sourceTree = "<group>";
		};
		3E376BC92E106C0F004C0E81 /* Widgets */ = {
			isa = PBXGroup;
			children = (
				3E376BC82E106C0F004C0E81 /* FocusWidget.swift */,
			);
			path = Widgets;
			sourceTree = "<group>";
		};
		3E376BCD2E106C0F004C0E81 /* Focus Flow */ = {
			isa = PBXGroup;
			children = (
				3E90C8FD2E7619D3003B7D48 /* Views */,
				3E376BB22E106C0F004C0E81 /* Core */,
				3E376BC92E106C0F004C0E81 /* Widgets */,
				3E90C81A2E761799003B7D48 /* Theme */,
				3E90C83A2E76187D003B7D48 /* ViewModels */,
				3E90C83F2E7618BF003B7D48 /* Focus_Flow.xcdatamodeld */,
				3E90C8432E7618DB003B7D48 /* Widgets */,
				3E90C8462E7618EF003B7D48 /* Focus_Flow.entitlements */,
				3E90C91B2E761AAD003B7D48 /* Assets.xcassets */,
			);
			path = "Focus Flow";
			sourceTree = "<group>";
		};
		3E90C81A2E761799003B7D48 /* Theme */ = {
			isa = PBXGroup;
			children = (
				3E90C81D2E7617BC003B7D48 /* EnvironmentalTheme.swift */,
				3E90C81B2E7617B1003B7D48 /* AppTheme.swift */,
			);
			path = Theme;
			sourceTree = "<group>";
		};
		3E90C83A2E76187D003B7D48 /* ViewModels */ = {
			isa = PBXGroup;
			children = (
				3E90C83B2E761892003B7D48 /* TaskViewModel.swift */,
			);
			path = ViewModels;
			sourceTree = "<group>";
		};
		3E90C8432E7618DB003B7D48 /* Widgets */ = {
			isa = PBXGroup;
			children = (
			);
			path = Widgets;
			sourceTree = "<group>";
		};
		3E90C8FD2E7619D3003B7D48 /* Views */ = {
			isa = PBXGroup;
			children = (
				3E90C8FE2E7619DC003B7D48 /* Components */,
				3E90C9032E761A0E003B7D48 /* ThemeSettingsView.swift */,
				3E90C9092E761A48003B7D48 /* AddTaskView.swift */,
				3E90C90B2E761A50003B7D48 /* ContentView.swift */,
				3E90C90D2E761A58003B7D48 /* EnvironmentalBackground.swift */,
				3E90C90F2E761A5F003B7D48 /* HomeView.swift */,
				3E90C9112E761A67003B7D48 /* Onboarding.swift */,
				3E90C9132E761A72003B7D48 /* ParticleEffectView.swift */,
				3E90C9152E761A80003B7D48 /* ProductivityGardenView.swift */,
				3E90C9172E761A8A003B7D48 /* SettingsView.swift */,
				3E90C9192E761A91003B7D48 /* TimerView.swift */,
				3E7151A02E76DE7B008DBDC1 /* AppBlockingSettingsView.swift */,
			);
			path = Views;
			sourceTree = "<group>";
		};
		3E90C8FE2E7619DC003B7D48 /* Components */ = {
			isa = PBXGroup;
			children = (
				3E90C8FF2E7619E8003B7D48 /* DesignSystem.swift */,
				3E90C9012E7619F2003B7D48 /* StatisticCard.swift */,
				3E90C9052E761A1B003B7D48 /* TabBarButton.swift */,
				3E90C9072E761A22003B7D48 /* WeeklyProgressChart.swift */,
				3E90C9312E76AAD4003B7D48 /* FloatingClouds.swift */,
				3E90C9332E76AAE7003B7D48 /* MoonPhase.swift */,
				3E90C9352E76AAF8003B7D48 /* EnhancedStatCard.swift */,
			);
			path = Components;
			sourceTree = "<group>";
		};
		3EB61F942D74D2C200B69DB7 = {
			isa = PBXGroup;
			children = (
				3EB61FB62D74D2C600B69DB7 /* Focus FlowTests */,
				3EB61FC02D74D2C600B69DB7 /* Focus FlowUITests */,
				3EB61F9E2D74D2C200B69DB7 /* Products */,
				3E376BCD2E106C0F004C0E81 /* Focus Flow */,
			);
			sourceTree = "<group>";
		};
		3EB61F9E2D74D2C200B69DB7 /* Products */ = {
			isa = PBXGroup;
			children = (
				3EB61F9D2D74D2C200B69DB7 /* Focus Flow.app */,
				3EB61FB32D74D2C600B69DB7 /* Focus FlowTests.xctest */,
				3EB61FBD2D74D2C600B69DB7 /* Focus FlowUITests.xctest */,
			);
			name = Products;
			sourceTree = "<group>";
		};
/* End PBXGroup section */

/* Begin PBXNativeTarget section */
		3EB61F9C2D74D2C200B69DB7 /* Focus Flow */ = {
			isa = PBXNativeTarget;
			buildConfigurationList = 3EB61FC72D74D2C600B69DB7 /* Build configuration list for PBXNativeTarget "Focus Flow" */;
			buildPhases = (
				3EB61F992D74D2C200B69DB7 /* Sources */,
				3EB61F9A2D74D2C200B69DB7 /* Frameworks */,
				3EB61F9B2D74D2C200B69DB7 /* Resources */,
			);
			buildRules = (
			);
			dependencies = (
			);
			name = "Focus Flow";
			packageProductDependencies = (
			);
			productName = "Focus Flow";
			productReference = 3EB61F9D2D74D2C200B69DB7 /* Focus Flow.app */;
			productType = "com.apple.product-type.application";
		};
		3EB61FB22D74D2C600B69DB7 /* Focus FlowTests */ = {
			isa = PBXNativeTarget;
			buildConfigurationList = 3EB61FCA2D74D2C600B69DB7 /* Build configuration list for PBXNativeTarget "Focus FlowTests" */;
			buildPhases = (
				3EB61FAF2D74D2C600B69DB7 /* Sources */,
				3EB61FB02D74D2C600B69DB7 /* Frameworks */,
				3EB61FB12D74D2C600B69DB7 /* Resources */,
			);
			buildRules = (
			);
			dependencies = (
				3EB61FB52D74D2C600B69DB7 /* PBXTargetDependency */,
			);
			fileSystemSynchronizedGroups = (
				3EB61FB62D74D2C600B69DB7 /* Focus FlowTests */,
			);
			name = "Focus FlowTests";
			packageProductDependencies = (
			);
			productName = "Focus FlowTests";
			productReference = 3EB61FB32D74D2C600B69DB7 /* Focus FlowTests.xctest */;
			productType = "com.apple.product-type.bundle.unit-test";
		};
		3EB61FBC2D74D2C600B69DB7 /* Focus FlowUITests */ = {
			isa = PBXNativeTarget;
			buildConfigurationList = 3EB61FCD2D74D2C600B69DB7 /* Build configuration list for PBXNativeTarget "Focus FlowUITests" */;
			buildPhases = (
				3EB61FB92D74D2C600B69DB7 /* Sources */,
				3EB61FBA2D74D2C600B69DB7 /* Frameworks */,
				3EB61FBB2D74D2C600B69DB7 /* Resources */,
			);
			buildRules = (
			);
			dependencies = (
				3EB61FBF2D74D2C600B69DB7 /* PBXTargetDependency */,
			);
			fileSystemSynchronizedGroups = (
				3EB61FC02D74D2C600B69DB7 /* Focus FlowUITests */,
			);
			name = "Focus FlowUITests";
			packageProductDependencies = (
			);
			productName = "Focus FlowUITests";
			productReference = 3EB61FBD2D74D2C600B69DB7 /* Focus FlowUITests.xctest */;
			productType = "com.apple.product-type.bundle.ui-testing";
		};
/* End PBXNativeTarget section */

/* Begin PBXProject section */
		3EB61F952D74D2C200B69DB7 /* Project object */ = {
			isa = PBXProject;
			attributes = {
				BuildIndependentTargetsInParallel = 1;
				LastSwiftUpdateCheck = 1620;
				LastUpgradeCheck = 1620;
				TargetAttributes = {
					3EB61F9C2D74D2C200B69DB7 = {
						CreatedOnToolsVersion = 16.2;
					};
					3EB61FB22D74D2C600B69DB7 = {
						CreatedOnToolsVersion = 16.2;
						TestTargetID = 3EB61F9C2D74D2C200B69DB7;
					};
					3EB61FBC2D74D2C600B69DB7 = {
						CreatedOnToolsVersion = 16.2;
						TestTargetID = 3EB61F9C2D74D2C200B69DB7;
					};
				};
			};
			buildConfigurationList = 3EB61F982D74D2C200B69DB7 /* Build configuration list for PBXProject "Focus Flow" */;
			developmentRegion = en;
			hasScannedForEncodings = 0;
			knownRegions = (
				en,
				Base,
			);
			mainGroup = 3EB61F942D74D2C200B69DB7;
			minimizedProjectReferenceProxies = 1;
			preferredProjectObjectVersion = 77;
			productRefGroup = 3EB61F9E2D74D2C200B69DB7 /* Products */;
			projectDirPath = "";
			projectRoot = "";
			targets = (
				3EB61F9C2D74D2C200B69DB7 /* Focus Flow */,
				3EB61FB22D74D2C600B69DB7 /* Focus FlowTests */,
				3EB61FBC2D74D2C600B69DB7 /* Focus FlowUITests */,
			);
		};
/* End PBXProject section */

/* Begin PBXResourcesBuildPhase section */
		3EB61F9B2D74D2C200B69DB7 /* Resources */ = {
			isa = PBXResourcesBuildPhase;
			buildActionMask = 2147483647;
			files = (
				3E90C91C2E761AAD003B7D48 /* Assets.xcassets in Resources */,
			);
			runOnlyForDeploymentPostprocessing = 0;
		};
		3EB61FB12D74D2C600B69DB7 /* Resources */ = {
			isa = PBXResourcesBuildPhase;
			buildActionMask = 2147483647;
			files = (
			);
			runOnlyForDeploymentPostprocessing = 0;
		};
		3EB61FBB2D74D2C600B69DB7 /* Resources */ = {
			isa = PBXResourcesBuildPhase;
			buildActionMask = 2147483647;
			files = (
			);
			runOnlyForDeploymentPostprocessing = 0;
		};
/* End PBXResourcesBuildPhase section */

/* Begin PBXSourcesBuildPhase section */
		3EB61F992D74D2C200B69DB7 /* Sources */ = {
			isa = PBXSourcesBuildPhase;
			buildActionMask = 2147483647;
			files = (
				3E90C8332E761856003B7D48 /* ProductivityGardenManager.swift in Sources */,
				3E90C9042E761A0E003B7D48 /* ThemeSettingsView.swift in Sources */,
				3E90C8342E761856003B7D48 /* PremiumStore.swift in Sources */,
				3E90C8352E761856003B7D48 /* Persistence.swift in Sources */,
				3E90C9322E76AAD4003B7D48 /* FloatingClouds.swift in Sources */,
				3E90C9082E761A22003B7D48 /* WeeklyProgressChart.swift in Sources */,
				3E376BD12E106C0F004C0E81 /* Focus_FlowApp.swift in Sources */,
				3E90C9162E761A80003B7D48 /* ProductivityGardenView.swift in Sources */,
				3E90C91A2E761A91003B7D48 /* TimerView.swift in Sources */,
				3E376BD52E106C0F004C0E81 /* NetworkBlockingService.swift in Sources */,
				3E376BDA2E106C0F004C0E81 /* ProductivityGardenManager.swift in Sources */,
				3E90C9182E761A8A003B7D48 /* SettingsView.swift in Sources */,
				3E376BDB2E106C0F004C0E81 /* FocusWidget.swift in Sources */,
				3E90C9362E76AAF8003B7D48 /* EnhancedStatCard.swift in Sources */,
				3E90C81C2E7617B1003B7D48 /* AppTheme.swift in Sources */,
				3E90C90A2E761A48003B7D48 /* AddTaskView.swift in Sources */,
				3E376BDC2E106C0F004C0E81 /* Persistence.swift in Sources */,
				3E90C9102E761A5F003B7D48 /* HomeView.swift in Sources */,
				3E90C9002E7619E8003B7D48 /* DesignSystem.swift in Sources */,
				3E376BDF2E106C0F004C0E81 /* EnvironmentalThemeManager.swift in Sources */,
				3E90C9062E761A1B003B7D48 /* TabBarButton.swift in Sources */,
				3E90C9342E76AAE7003B7D48 /* MoonPhase.swift in Sources */,
				3E376BE12E106C0F004C0E81 /* PremiumStore.swift in Sources */,
				3E90C8402E7618BF003B7D48 /* Focus_Flow.xcdatamodeld in Sources */,
				3E376BE32E106C0F004C0E81 /* StatisticsManager.swift in Sources */,
				3E90C90C2E761A50003B7D48 /* ContentView.swift in Sources */,
				3E376BE52E106C0F004C0E81 /* ScreenTimeManager.swift in Sources */,
				3EB2F1D92E118D2E00C802A6 /* MacOSAppBlocker.swift in Sources */,
				3E90C81E2E7617BC003B7D48 /* EnvironmentalTheme.swift in Sources */,
				3E376BE92E106C0F004C0E81 /* AmbientSoundManager.swift in Sources */,
				3E90C82D2E76183E003B7D48 /* StatisticsManager.swift in Sources */,
				3E376BEA2E106C0F004C0E81 /* AISessionRecommender.swift in Sources */,
				3E90C9142E761A72003B7D48 /* ParticleEffectView.swift in Sources */,
				3E90C8382E761873003B7D48 /* AmbientSoundManager.swift in Sources */,
				3E90C90E2E761A58003B7D48 /* EnvironmentalBackground.swift in Sources */,
				3E90C8392E761873003B7D48 /* EnvironmentalThemeManager.swift in Sources */,
				3E71519F2E76DB80008DBDC1 /* AppBlockingManager.swift in Sources */,
				3E90C9022E7619F2003B7D48 /* StatisticCard.swift in Sources */,
				3E90C9122E761A67003B7D48 /* Onboarding.swift in Sources */,
				3E90C82F2E761843003B7D48 /* ScreenTimeManager.swift in Sources */,
				3E7151A12E76DE7B008DBDC1 /* AppBlockingSettingsView.swift in Sources */,
				3E90C83C2E761892003B7D48 /* TaskViewModel.swift in Sources */,
			);
			runOnlyForDeploymentPostprocessing = 0;
		};
		3EB61FAF2D74D2C600B69DB7 /* Sources */ = {
			isa = PBXSourcesBuildPhase;
			buildActionMask = 2147483647;
			files = (
			);
			runOnlyForDeploymentPostprocessing = 0;
		};
		3EB61FB92D74D2C600B69DB7 /* Sources */ = {
			isa = PBXSourcesBuildPhase;
			buildActionMask = 2147483647;
			files = (
			);
			runOnlyForDeploymentPostprocessing = 0;
		};
/* End PBXSourcesBuildPhase section */

/* Begin PBXTargetDependency section */
		3EB61FB52D74D2C600B69DB7 /* PBXTargetDependency */ = {
			isa = PBXTargetDependency;
			target = 3EB61F9C2D74D2C200B69DB7 /* Focus Flow */;
			targetProxy = 3EB61FB42D74D2C600B69DB7 /* PBXContainerItemProxy */;
		};
		3EB61FBF2D74D2C600B69DB7 /* PBXTargetDependency */ = {
			isa = PBXTargetDependency;
			target = 3EB61F9C2D74D2C200B69DB7 /* Focus Flow */;
			targetProxy = 3EB61FBE2D74D2C600B69DB7 /* PBXContainerItemProxy */;
		};
/* End PBXTargetDependency section */

/* Begin XCBuildConfiguration section */
		3EB61FC52D74D2C600B69DB7 /* Debug */ = {
			isa = XCBuildConfiguration;
			buildSettings = {
				ALWAYS_SEARCH_USER_PATHS = NO;
				ASSETCATALOG_COMPILER_GENERATE_SWIFT_ASSET_SYMBOL_EXTENSIONS = YES;
				CLANG_ANALYZER_NONNULL = YES;
				CLANG_ANALYZER_NUMBER_OBJECT_CONVERSION = YES_AGGRESSIVE;
				CLANG_CXX_LANGUAGE_STANDARD = "gnu++20";
				CLANG_ENABLE_MODULES = YES;
				CLANG_ENABLE_OBJC_ARC = YES;
				CLANG_ENABLE_OBJC_WEAK = YES;
				CLANG_WARN_BLOCK_CAPTURE_AUTORELEASING = YES;
				CLANG_WARN_BOOL_CONVERSION = YES;
				CLANG_WARN_COMMA = YES;
				CLANG_WARN_CONSTANT_CONVERSION = YES;
				CLANG_WARN_DEPRECATED_OBJC_IMPLEMENTATIONS = YES;
				CLANG_WARN_DIRECT_OBJC_ISA_USAGE = YES_ERROR;
				CLANG_WARN_DOCUMENTATION_COMMENTS = YES;
				CLANG_WARN_EMPTY_BODY = YES;
				CLANG_WARN_ENUM_CONVERSION = YES;
				CLANG_WARN_INFINITE_RECURSION = YES;
				CLANG_WARN_INT_CONVERSION = YES;
				CLANG_WARN_NON_LITERAL_NULL_CONVERSION = YES;
				CLANG_WARN_OBJC_IMPLICIT_RETAIN_SELF = YES;
				CLANG_WARN_OBJC_LITERAL_CONVERSION = YES;
				CLANG_WARN_OBJC_ROOT_CLASS = YES_ERROR;
				CLANG_WARN_QUOTED_INCLUDE_IN_FRAMEWORK_HEADER = YES;
				CLANG_WARN_RANGE_LOOP_ANALYSIS = YES;
				CLANG_WARN_STRICT_PROTOTYPES = YES;
				CLANG_WARN_SUSPICIOUS_MOVE = YES;
				CLANG_WARN_UNGUARDED_AVAILABILITY = YES_AGGRESSIVE;
				CLANG_WARN_UNREACHABLE_CODE = YES;
				CLANG_WARN__DUPLICATE_METHOD_MATCH = YES;
				COPY_PHASE_STRIP = NO;
				DEBUG_INFORMATION_FORMAT = dwarf;
				ENABLE_STRICT_OBJC_MSGSEND = YES;
				ENABLE_TESTABILITY = YES;
				ENABLE_USER_SCRIPT_SANDBOXING = YES;
				GCC_C_LANGUAGE_STANDARD = gnu17;
				GCC_DYNAMIC_NO_PIC = NO;
				GCC_NO_COMMON_BLOCKS = YES;
				GCC_OPTIMIZATION_LEVEL = 0;
				GCC_PREPROCESSOR_DEFINITIONS = (
					"DEBUG=1",
					"$(inherited)",
				);
				GCC_WARN_64_TO_32_BIT_CONVERSION = YES;
				GCC_WARN_ABOUT_RETURN_TYPE = YES_ERROR;
				GCC_WARN_UNDECLARED_SELECTOR = YES;
				GCC_WARN_UNINITIALIZED_AUTOS = YES_AGGRESSIVE;
				GCC_WARN_UNUSED_FUNCTION = YES;
				GCC_WARN_UNUSED_VARIABLE = YES;
				LOCALIZATION_PREFERS_STRING_CATALOGS = YES;
				MACOSX_DEPLOYMENT_TARGET = 14.5;
				MTL_ENABLE_DEBUG_INFO = INCLUDE_SOURCE;
				MTL_FAST_MATH = YES;
				ONLY_ACTIVE_ARCH = YES;
				SDKROOT = macosx;
				SWIFT_ACTIVE_COMPILATION_CONDITIONS = "DEBUG $(inherited)";
				SWIFT_OPTIMIZATION_LEVEL = "-Onone";
			};
			name = Debug;
		};
		3EB61FC62D74D2C600B69DB7 /* Release */ = {
			isa = XCBuildConfiguration;
			buildSettings = {
				ALWAYS_SEARCH_USER_PATHS = NO;
				ASSETCATALOG_COMPILER_GENERATE_SWIFT_ASSET_SYMBOL_EXTENSIONS = YES;
				CLANG_ANALYZER_NONNULL = YES;
				CLANG_ANALYZER_NUMBER_OBJECT_CONVERSION = YES_AGGRESSIVE;
				CLANG_CXX_LANGUAGE_STANDARD = "gnu++20";
				CLANG_ENABLE_MODULES = YES;
				CLANG_ENABLE_OBJC_ARC = YES;
				CLANG_ENABLE_OBJC_WEAK = YES;
				CLANG_WARN_BLOCK_CAPTURE_AUTORELEASING = YES;
				CLANG_WARN_BOOL_CONVERSION = YES;
				CLANG_WARN_COMMA = YES;
				CLANG_WARN_CONSTANT_CONVERSION = YES;
				CLANG_WARN_DEPRECATED_OBJC_IMPLEMENTATIONS = YES;
				CLANG_WARN_DIRECT_OBJC_ISA_USAGE = YES_ERROR;
				CLANG_WARN_DOCUMENTATION_COMMENTS = YES;
				CLANG_WARN_EMPTY_BODY = YES;
				CLANG_WARN_ENUM_CONVERSION = YES;
				CLANG_WARN_INFINITE_RECURSION = YES;
				CLANG_WARN_INT_CONVERSION = YES;
				CLANG_WARN_NON_LITERAL_NULL_CONVERSION = YES;
				CLANG_WARN_OBJC_IMPLICIT_RETAIN_SELF = YES;
				CLANG_WARN_OBJC_LITERAL_CONVERSION = YES;
				CLANG_WARN_OBJC_ROOT_CLASS = YES_ERROR;
				CLANG_WARN_QUOTED_INCLUDE_IN_FRAMEWORK_HEADER = YES;
				CLANG_WARN_RANGE_LOOP_ANALYSIS = YES;
				CLANG_WARN_STRICT_PROTOTYPES = YES;
				CLANG_WARN_SUSPICIOUS_MOVE = YES;
				CLANG_WARN_UNGUARDED_AVAILABILITY = YES_AGGRESSIVE;
				CLANG_WARN_UNREACHABLE_CODE = YES;
				CLANG_WARN__DUPLICATE_METHOD_MATCH = YES;
				COPY_PHASE_STRIP = NO;
				DEBUG_INFORMATION_FORMAT = "dwarf-with-dsym";
				ENABLE_NS_ASSERTIONS = NO;
				ENABLE_STRICT_OBJC_MSGSEND = YES;
				ENABLE_USER_SCRIPT_SANDBOXING = YES;
				GCC_C_LANGUAGE_STANDARD = gnu17;
				GCC_NO_COMMON_BLOCKS = YES;
				GCC_WARN_64_TO_32_BIT_CONVERSION = YES;
				GCC_WARN_ABOUT_RETURN_TYPE = YES_ERROR;
				GCC_WARN_UNDECLARED_SELECTOR = YES;
				GCC_WARN_UNINITIALIZED_AUTOS = YES_AGGRESSIVE;
				GCC_WARN_UNUSED_FUNCTION = YES;
				GCC_WARN_UNUSED_VARIABLE = YES;
				LOCALIZATION_PREFERS_STRING_CATALOGS = YES;
				MACOSX_DEPLOYMENT_TARGET = 14.5;
				MTL_ENABLE_DEBUG_INFO = NO;
				MTL_FAST_MATH = YES;
				SDKROOT = macosx;
				SWIFT_COMPILATION_MODE = wholemodule;
			};
			name = Release;
		};
		3EB61FC82D74D2C600B69DB7 /* Debug */ = {
			isa = XCBuildConfiguration;
			buildSettings = {
				ASSETCATALOG_COMPILER_APPICON_NAME = AppIcon;
				ASSETCATALOG_COMPILER_GLOBAL_ACCENT_COLOR_NAME = AccentColor;
				CODE_SIGN_ENTITLEMENTS = "Focus Flow/Focus_Flow.entitlements";
				CODE_SIGN_STYLE = Automatic;
				COMBINE_HIDPI_IMAGES = YES;
				CURRENT_PROJECT_VERSION = 1;
				DEVELOPMENT_TEAM = 679K683SQ5;
				ENABLE_HARDENED_RUNTIME = YES;
				ENABLE_PREVIEWS = YES;
				GENERATE_INFOPLIST_FILE = YES;
				INFOPLIST_FILE = "Focus-Flow-Info.plist";
				INFOPLIST_KEY_NSHumanReadableCopyright = "";
				IPHONEOS_DEPLOYMENT_TARGET = 16.6;
				LD_RUNPATH_SEARCH_PATHS = (
					"$(inherited)",
					"@executable_path/../Frameworks",
				);
				MARKETING_VERSION = 1.0;
				PRODUCT_BUNDLE_IDENTIFIER = "com.tobiasfu.Focus-Flow";
				PRODUCT_NAME = "$(TARGET_NAME)";
				REGISTER_APP_GROUPS = YES;
				SUPPORTED_PLATFORMS = "iphoneos iphonesimulator macosx";
				SUPPORTS_MACCATALYST = NO;
				SWIFT_EMIT_LOC_STRINGS = YES;
				SWIFT_VERSION = 5.0;
				TARGETED_DEVICE_FAMILY = 1;
			};
			name = Debug;
		};
		3EB61FC92D74D2C600B69DB7 /* Release */ = {
			isa = XCBuildConfiguration;
			buildSettings = {
				ASSETCATALOG_COMPILER_APPICON_NAME = AppIcon;
				ASSETCATALOG_COMPILER_GLOBAL_ACCENT_COLOR_NAME = AccentColor;
				CODE_SIGN_ENTITLEMENTS = "Focus Flow/Focus_Flow.entitlements";
				CODE_SIGN_STYLE = Automatic;
				COMBINE_HIDPI_IMAGES = YES;
				CURRENT_PROJECT_VERSION = 1;
				DEVELOPMENT_TEAM = 679K683SQ5;
				ENABLE_HARDENED_RUNTIME = YES;
				ENABLE_PREVIEWS = YES;
				GENERATE_INFOPLIST_FILE = YES;
				INFOPLIST_FILE = "Focus-Flow-Info.plist";
				INFOPLIST_KEY_NSHumanReadableCopyright = "";
				IPHONEOS_DEPLOYMENT_TARGET = 16.6;
				LD_RUNPATH_SEARCH_PATHS = (
					"$(inherited)",
					"@executable_path/../Frameworks",
				);
				MARKETING_VERSION = 1.0;
				PRODUCT_BUNDLE_IDENTIFIER = "com.tobiasfu.Focus-Flow";
				PRODUCT_NAME = "$(TARGET_NAME)";
				REGISTER_APP_GROUPS = YES;
				SUPPORTED_PLATFORMS = "iphoneos iphonesimulator macosx";
				SUPPORTS_MACCATALYST = NO;
				SWIFT_EMIT_LOC_STRINGS = YES;
				SWIFT_VERSION = 5.0;
				TARGETED_DEVICE_FAMILY = 1;
			};
			name = Release;
		};
		3EB61FCB2D74D2C600B69DB7 /* Debug */ = {
			isa = XCBuildConfiguration;
			buildSettings = {
				BUNDLE_LOADER = "$(TEST_HOST)";
				CODE_SIGN_STYLE = Automatic;
				CURRENT_PROJECT_VERSION = 1;
				DEVELOPMENT_TEAM = KUXA576FBM;
				GENERATE_INFOPLIST_FILE = YES;
				MACOSX_DEPLOYMENT_TARGET = 14.5;
				MARKETING_VERSION = 1.0;
				PRODUCT_BUNDLE_IDENTIFIER = "com.tobiasfu.Focus-FlowTests";
				PRODUCT_NAME = "$(TARGET_NAME)";
				SWIFT_EMIT_LOC_STRINGS = NO;
				SWIFT_VERSION = 5.0;
				TEST_HOST = "$(BUILT_PRODUCTS_DIR)/Focus Flow.app/$(BUNDLE_EXECUTABLE_FOLDER_PATH)/Focus Flow";
			};
			name = Debug;
		};
		3EB61FCC2D74D2C600B69DB7 /* Release */ = {
			isa = XCBuildConfiguration;
			buildSettings = {
				BUNDLE_LOADER = "$(TEST_HOST)";
				CODE_SIGN_STYLE = Automatic;
				CURRENT_PROJECT_VERSION = 1;
				DEVELOPMENT_TEAM = KUXA576FBM;
				GENERATE_INFOPLIST_FILE = YES;
				MACOSX_DEPLOYMENT_TARGET = 14.5;
				MARKETING_VERSION = 1.0;
				PRODUCT_BUNDLE_IDENTIFIER = "com.tobiasfu.Focus-FlowTests";
				PRODUCT_NAME = "$(TARGET_NAME)";
				SWIFT_EMIT_LOC_STRINGS = NO;
				SWIFT_VERSION = 5.0;
				TEST_HOST = "$(BUILT_PRODUCTS_DIR)/Focus Flow.app/$(BUNDLE_EXECUTABLE_FOLDER_PATH)/Focus Flow";
			};
			name = Release;
		};
		3EB61FCE2D74D2C600B69DB7 /* Debug */ = {
			isa = XCBuildConfiguration;
			buildSettings = {
				CODE_SIGN_STYLE = Automatic;
				CURRENT_PROJECT_VERSION = 1;
				DEVELOPMENT_TEAM = KUXA576FBM;
				GENERATE_INFOPLIST_FILE = YES;
				MARKETING_VERSION = 1.0;
				PRODUCT_BUNDLE_IDENTIFIER = "com.tobiasfu.Focus-FlowUITests";
				PRODUCT_NAME = "$(TARGET_NAME)";
				SWIFT_EMIT_LOC_STRINGS = NO;
				SWIFT_VERSION = 5.0;
				TEST_TARGET_NAME = "Focus Flow";
			};
			name = Debug;
		};
		3EB61FCF2D74D2C600B69DB7 /* Release */ = {
			isa = XCBuildConfiguration;
			buildSettings = {
				CODE_SIGN_STYLE = Automatic;
				CURRENT_PROJECT_VERSION = 1;
				DEVELOPMENT_TEAM = KUXA576FBM;
				GENERATE_INFOPLIST_FILE = YES;
				MARKETING_VERSION = 1.0;
				PRODUCT_BUNDLE_IDENTIFIER = "com.tobiasfu.Focus-FlowUITests";
				PRODUCT_NAME = "$(TARGET_NAME)";
				SWIFT_EMIT_LOC_STRINGS = NO;
				SWIFT_VERSION = 5.0;
				TEST_TARGET_NAME = "Focus Flow";
			};
			name = Release;
		};
/* End XCBuildConfiguration section */

/* Begin XCConfigurationList section */
		3EB61F982D74D2C200B69DB7 /* Build configuration list for PBXProject "Focus Flow" */ = {
			isa = XCConfigurationList;
			buildConfigurations = (
				3EB61FC52D74D2C600B69DB7 /* Debug */,
				3EB61FC62D74D2C600B69DB7 /* Release */,
			);
			defaultConfigurationIsVisible = 0;
			defaultConfigurationName = Release;
		};
		3EB61FC72D74D2C600B69DB7 /* Build configuration list for PBXNativeTarget "Focus Flow" */ = {
			isa = XCConfigurationList;
			buildConfigurations = (
				3EB61FC82D74D2C600B69DB7 /* Debug */,
				3EB61FC92D74D2C600B69DB7 /* Release */,
			);
			defaultConfigurationIsVisible = 0;
			defaultConfigurationName = Release;
		};
		3EB61FCA2D74D2C600B69DB7 /* Build configuration list for PBXNativeTarget "Focus FlowTests" */ = {
			isa = XCConfigurationList;
			buildConfigurations = (
				3EB61FCB2D74D2C600B69DB7 /* Debug */,
				3EB61FCC2D74D2C600B69DB7 /* Release */,
			);
			defaultConfigurationIsVisible = 0;
			defaultConfigurationName = Release;
		};
		3EB61FCD2D74D2C600B69DB7 /* Build configuration list for PBXNativeTarget "Focus FlowUITests" */ = {
			isa = XCConfigurationList;
			buildConfigurations = (
				3EB61FCE2D74D2C600B69DB7 /* Debug */,
				3EB61FCF2D74D2C600B69DB7 /* Release */,
			);
			defaultConfigurationIsVisible = 0;
			defaultConfigurationName = Release;
		};
/* End XCConfigurationList section */

/* Begin XCVersionGroup section */
		3E90C83F2E7618BF003B7D48 /* Focus_Flow.xcdatamodeld */ = {
			isa = XCVersionGroup;
			children = (
				3E90C8412E7618C3003B7D48 /* Focus_Flow.xcdatamodel */,
			);
			currentVersion = 3E90C8412E7618C3003B7D48 /* Focus_Flow.xcdatamodel */;
			path = Focus_Flow.xcdatamodeld;
			sourceTree = "<group>";
			versionGroupType = wrapper.xcdatamodel;
		};
/* End XCVersionGroup section */
	};
	rootObject = 3EB61F952D74D2C200B69DB7 /* Project object */;
}
